// !$*UTF8*$!
{
	archiveVersion = 1;
	classes = {
	};
	objectVersion = 55;
	objects = {

/* Begin PBXBuildFile section */
		0877EE98272537260049CD0D /* AppDelegate.swift in Sources */ = {isa = PBXBuildFile; fileRef = 0877EE97272537260049CD0D /* AppDelegate.swift */; };
		0877EE9A272537260049CD0D /* SceneDelegate.swift in Sources */ = {isa = PBXBuildFile; fileRef = 0877EE99272537260049CD0D /* SceneDelegate.swift */; };
		0877EE9C272537260049CD0D /* ViewController.swift in Sources */ = {isa = PBXBuildFile; fileRef = 0877EE9B272537260049CD0D /* ViewController.swift */; };
		0877EE9F272537260049CD0D /* Main.storyboard in Resources */ = {isa = PBXBuildFile; fileRef = 0877EE9D272537260049CD0D /* Main.storyboard */; };
		0877EEA1272537270049CD0D /* Assets.xcassets in Resources */ = {isa = PBXBuildFile; fileRef = 0877EEA0272537270049CD0D /* Assets.xcassets */; };
		0877EEA4272537270049CD0D /* LaunchScreen.storyboard in Resources */ = {isa = PBXBuildFile; fileRef = 0877EEA2272537270049CD0D /* LaunchScreen.storyboard */; };
		0877EEAF2725376D0049CD0D /* NoticeVC.swift in Sources */ = {isa = PBXBuildFile; fileRef = 0877EEAD2725376D0049CD0D /* NoticeVC.swift */; };
		0877EEB02725376D0049CD0D /* NoticeVC.xib in Resources */ = {isa = PBXBuildFile; fileRef = 0877EEAE2725376D0049CD0D /* NoticeVC.xib */; };
		0877EEB227253BA00049CD0D /* GoogleService-Info.plist in Resources */ = {isa = PBXBuildFile; fileRef = 0877EEB127253BA00049CD0D /* GoogleService-Info.plist */; };
		0877EEB427253D120049CD0D /* RemoteConfigDefaults.plist in Resources */ = {isa = PBXBuildFile; fileRef = 0877EEB327253D120049CD0D /* RemoteConfigDefaults.plist */; };
		2E1CCF8DC5E2CDA6B8FB75B8 /* Pods_Notice.framework in Frameworks */ = {isa = PBXBuildFile; fileRef = FF72EF85B440842EC1EBEBA8 /* Pods_Notice.framework */; };
/* End PBXBuildFile section */

/* Begin PBXFileReference section */
		0877EE94272537260049CD0D /* Notice.app */ = {isa = PBXFileReference; explicitFileType = wrapper.application; includeInIndex = 0; path = Notice.app; sourceTree = BUILT_PRODUCTS_DIR; };
		0877EE97272537260049CD0D /* AppDelegate.swift */ = {isa = PBXFileReference; lastKnownFileType = sourcecode.swift; path = AppDelegate.swift; sourceTree = "<group>"; };
		0877EE99272537260049CD0D /* SceneDelegate.swift */ = {isa = PBXFileReference; lastKnownFileType = sourcecode.swift; path = SceneDelegate.swift; sourceTree = "<group>"; };
		0877EE9B272537260049CD0D /* ViewController.swift */ = {isa = PBXFileReference; lastKnownFileType = sourcecode.swift; path = ViewController.swift; sourceTree = "<group>"; };
		0877EE9E272537260049CD0D /* Base */ = {isa = PBXFileReference; lastKnownFileType = file.storyboard; name = Base; path = Base.lproj/Main.storyboard; sourceTree = "<group>"; };
		0877EEA0272537270049CD0D /* Assets.xcassets */ = {isa = PBXFileReference; lastKnownFileType = folder.assetcatalog; path = Assets.xcassets; sourceTree = "<group>"; };
		0877EEA3272537270049CD0D /* Base */ = {isa = PBXFileReference; lastKnownFileType = file.storyboard; name = Base; path = Base.lproj/LaunchScreen.storyboard; sourceTree = "<group>"; };
		0877EEA5272537270049CD0D /* Info.plist */ = {isa = PBXFileReference; lastKnownFileType = text.plist.xml; path = Info.plist; sourceTree = "<group>"; };
		0877EEAD2725376D0049CD0D /* NoticeVC.swift */ = {isa = PBXFileReference; lastKnownFileType = sourcecode.swift; path = NoticeVC.swift; sourceTree = "<group>"; };
		0877EEAE2725376D0049CD0D /* NoticeVC.xib */ = {isa = PBXFileReference; lastKnownFileType = file.xib; path = NoticeVC.xib; sourceTree = "<group>"; };
		0877EEB127253BA00049CD0D /* GoogleService-Info.plist */ = {isa = PBXFileReference; fileEncoding = 4; lastKnownFileType = text.plist.xml; path = "GoogleService-Info.plist"; sourceTree = "<group>"; };
		0877EEB327253D120049CD0D /* RemoteConfigDefaults.plist */ = {isa = PBXFileReference; lastKnownFileType = text.plist.xml; path = RemoteConfigDefaults.plist; sourceTree = "<group>"; };
		414CD84CA0985F4E3EC82CC6 /* Pods-Notice.debug.xcconfig */ = {isa = PBXFileReference; includeInIndex = 1; lastKnownFileType = text.xcconfig; name = "Pods-Notice.debug.xcconfig"; path = "Target Support Files/Pods-Notice/Pods-Notice.debug.xcconfig"; sourceTree = "<group>"; };
		8DD33A70A097A75CC1222760 /* Pods-Notice.release.xcconfig */ = {isa = PBXFileReference; includeInIndex = 1; lastKnownFileType = text.xcconfig; name = "Pods-Notice.release.xcconfig"; path = "Target Support Files/Pods-Notice/Pods-Notice.release.xcconfig"; sourceTree = "<group>"; };
		FF72EF85B440842EC1EBEBA8 /* Pods_Notice.framework */ = {isa = PBXFileReference; explicitFileType = wrapper.framework; includeInIndex = 0; path = Pods_Notice.framework; sourceTree = BUILT_PRODUCTS_DIR; };
/* End PBXFileReference section */

/* Begin PBXFrameworksBuildPhase section */
		0877EE91272537260049CD0D /* Frameworks */ = {
			isa = PBXFrameworksBuildPhase;
			buildActionMask = 2147483647;
			files = (
				2E1CCF8DC5E2CDA6B8FB75B8 /* Pods_Notice.framework in Frameworks */,
			);
			runOnlyForDeploymentPostprocessing = 0;
		};
/* End PBXFrameworksBuildPhase section */

/* Begin PBXGroup section */
		0877EE8B272537260049CD0D = {
			isa = PBXGroup;
			children = (
				0877EE96272537260049CD0D /* Notice */,
				0877EE95272537260049CD0D /* Products */,
				ACA4F9CB1F50DC8044728A0B /* Pods */,
				10328D656AC89A057828870B /* Frameworks */,
			);
			sourceTree = "<group>";
		};
		0877EE95272537260049CD0D /* Products */ = {
			isa = PBXGroup;
			children = (
				0877EE94272537260049CD0D /* Notice.app */,
			);
			name = Products;
			sourceTree = "<group>";
		};
		0877EE96272537260049CD0D /* Notice */ = {
			isa = PBXGroup;
			children = (
				0877EE97272537260049CD0D /* AppDelegate.swift */,
				0877EE99272537260049CD0D /* SceneDelegate.swift */,
				0877EE9B272537260049CD0D /* ViewController.swift */,
				0877EEB327253D120049CD0D /* RemoteConfigDefaults.plist */,
				0877EE9D272537260049CD0D /* Main.storyboard */,
				0877EEA0272537270049CD0D /* Assets.xcassets */,
				0877EEA2272537270049CD0D /* LaunchScreen.storyboard */,
				0877EEA5272537270049CD0D /* Info.plist */,
				0877EEAD2725376D0049CD0D /* NoticeVC.swift */,
				0877EEAE2725376D0049CD0D /* NoticeVC.xib */,
				0877EEB127253BA00049CD0D /* GoogleService-Info.plist */,
			);
			path = Notice;
			sourceTree = "<group>";
		};
		10328D656AC89A057828870B /* Frameworks */ = {
			isa = PBXGroup;
			children = (
				FF72EF85B440842EC1EBEBA8 /* Pods_Notice.framework */,
			);
			name = Frameworks;
			sourceTree = "<group>";
		};
		ACA4F9CB1F50DC8044728A0B /* Pods */ = {
			isa = PBXGroup;
			children = (
				414CD84CA0985F4E3EC82CC6 /* Pods-Notice.debug.xcconfig */,
				8DD33A70A097A75CC1222760 /* Pods-Notice.release.xcconfig */,
			);
			path = Pods;
			sourceTree = "<group>";
		};
/* End PBXGroup section */

/* Begin PBXNativeTarget section */
		0877EE93272537260049CD0D /* Notice */ = {
			isa = PBXNativeTarget;
			buildConfigurationList = 0877EEA8272537270049CD0D /* Build configuration list for PBXNativeTarget "Notice" */;
			buildPhases = (
				06808CD15B38A916CF1E544F /* [CP] Check Pods Manifest.lock */,
				0877EE90272537260049CD0D /* Sources */,
				0877EE91272537260049CD0D /* Frameworks */,
				0877EE92272537260049CD0D /* Resources */,
				BB676888A6BFC58CD62DEBD8 /* [CP] Embed Pods Frameworks */,
			);
			buildRules = (
			);
			dependencies = (
			);
			name = Notice;
			productName = Notice;
			productReference = 0877EE94272537260049CD0D /* Notice.app */;
			productType = "com.apple.product-type.application";
		};
/* End PBXNativeTarget section */

/* Begin PBXProject section */
		0877EE8C272537260049CD0D /* Project object */ = {
			isa = PBXProject;
			attributes = {
				BuildIndependentTargetsInParallel = 1;
				LastSwiftUpdateCheck = 1300;
				LastUpgradeCheck = 1300;
				TargetAttributes = {
					0877EE93272537260049CD0D = {
						CreatedOnToolsVersion = 13.0;
					};
				};
			};
			buildConfigurationList = 0877EE8F272537260049CD0D /* Build configuration list for PBXProject "Notice" */;
			compatibilityVersion = "Xcode 13.0";
			developmentRegion = en;
			hasScannedForEncodings = 0;
			knownRegions = (
				en,
				Base,
			);
			mainGroup = 0877EE8B272537260049CD0D;
			productRefGroup = 0877EE95272537260049CD0D /* Products */;
			projectDirPath = "";
			projectRoot = "";
			targets = (
				0877EE93272537260049CD0D /* Notice */,
			);
		};
/* End PBXProject section */

/* Begin PBXResourcesBuildPhase section */
		0877EE92272537260049CD0D /* Resources */ = {
			isa = PBXResourcesBuildPhase;
			buildActionMask = 2147483647;
			files = (
				0877EEB427253D120049CD0D /* RemoteConfigDefaults.plist in Resources */,
				0877EEB02725376D0049CD0D /* NoticeVC.xib in Resources */,
				0877EEA4272537270049CD0D /* LaunchScreen.storyboard in Resources */,
				0877EEB227253BA00049CD0D /* GoogleService-Info.plist in Resources */,
				0877EEA1272537270049CD0D /* Assets.xcassets in Resources */,
				0877EE9F272537260049CD0D /* Main.storyboard in Resources */,
			);
			runOnlyForDeploymentPostprocessing = 0;
		};
/* End PBXResourcesBuildPhase section */

/* Begin PBXShellScriptBuildPhase section */
		06808CD15B38A916CF1E544F /* [CP] Check Pods Manifest.lock */ = {
			isa = PBXShellScriptBuildPhase;
			buildActionMask = 2147483647;
			files = (
			);
			inputFileListPaths = (
			);
			inputPaths = (
				"${PODS_PODFILE_DIR_PATH}/Podfile.lock",
				"${PODS_ROOT}/Manifest.lock",
			);
			name = "[CP] Check Pods Manifest.lock";
			outputFileListPaths = (
			);
			outputPaths = (
				"$(DERIVED_FILE_DIR)/Pods-Notice-checkManifestLockResult.txt",
			);
			runOnlyForDeploymentPostprocessing = 0;
			shellPath = /bin/sh;
			shellScript = "diff \"${PODS_PODFILE_DIR_PATH}/Podfile.lock\" \"${PODS_ROOT}/Manifest.lock\" > /dev/null\nif [ $? != 0 ] ; then\n    # print error to STDERR\n    echo \"error: The sandbox is not in sync with the Podfile.lock. Run 'pod install' or update your CocoaPods installation.\" >&2\n    exit 1\nfi\n# This output is used by Xcode 'outputs' to avoid re-running this script phase.\necho \"SUCCESS\" > \"${SCRIPT_OUTPUT_FILE_0}\"\n";
			showEnvVarsInLog = 0;
		};
		BB676888A6BFC58CD62DEBD8 /* [CP] Embed Pods Frameworks */ = {
			isa = PBXShellScriptBuildPhase;
			buildActionMask = 2147483647;
			files = (
			);
			inputFileListPaths = (
				"${PODS_ROOT}/Target Support Files/Pods-Notice/Pods-Notice-frameworks-${CONFIGURATION}-input-files.xcfilelist",
			);
			name = "[CP] Embed Pods Frameworks";
			outputFileListPaths = (
				"${PODS_ROOT}/Target Support Files/Pods-Notice/Pods-Notice-frameworks-${CONFIGURATION}-output-files.xcfilelist",
			);
			runOnlyForDeploymentPostprocessing = 0;
			shellPath = /bin/sh;
			shellScript = "\"${PODS_ROOT}/Target Support Files/Pods-Notice/Pods-Notice-frameworks.sh\"\n";
			showEnvVarsInLog = 0;
		};
/* End PBXShellScriptBuildPhase section */

/* Begin PBXSourcesBuildPhase section */
		0877EE90272537260049CD0D /* Sources */ = {
			isa = PBXSourcesBuildPhase;
			buildActionMask = 2147483647;
			files = (
				0877EEAF2725376D0049CD0D /* NoticeVC.swift in Sources */,
				0877EE9C272537260049CD0D /* ViewController.swift in Sources */,
				0877EE98272537260049CD0D /* AppDelegate.swift in Sources */,
				0877EE9A272537260049CD0D /* SceneDelegate.swift in Sources */,
			);
			runOnlyForDeploymentPostprocessing = 0;
		};
/* End PBXSourcesBuildPhase section */

/* Begin PBXVariantGroup section */
		0877EE9D272537260049CD0D /* Main.storyboard */ = {
			isa = PBXVariantGroup;
			children = (
				0877EE9E272537260049CD0D /* Base */,
			);
			name = Main.storyboard;
			sourceTree = "<group>";
		};
		0877EEA2272537270049CD0D /* LaunchScreen.storyboard */ = {
			isa = PBXVariantGroup;
			children = (
				0877EEA3272537270049CD0D /* Base */,
			);
			name = LaunchScreen.storyboard;
			sourceTree = "<group>";
		};
/* End PBXVariantGroup section */

/* Begin XCBuildConfiguration section */
		0877EEA6272537270049CD0D /* Debug */ = {
			isa = XCBuildConfiguration;
			buildSettings = {
				ALWAYS_SEARCH_USER_PATHS = NO;
				CLANG_ANALYZER_NONNULL = YES;
				CLANG_ANALYZER_NUMBER_OBJECT_CONVERSION = YES_AGGRESSIVE;
				CLANG_CXX_LANGUAGE_STANDARD = "gnu++17";
				CLANG_CXX_LIBRARY = "libc++";
				CLANG_ENABLE_MODULES = YES;
				CLANG_ENABLE_OBJC_ARC = YES;
				CLANG_ENABLE_OBJC_WEAK = YES;
				CLANG_WARN_BLOCK_CAPTURE_AUTORELEASING = YES;
				CLANG_WARN_BOOL_CONVERSION = YES;
				CLANG_WARN_COMMA = YES;
				CLANG_WARN_CONSTANT_CONVERSION = YES;
				CLANG_WARN_DEPRECATED_OBJC_IMPLEMENTATIONS = YES;
				CLANG_WARN_DIRECT_OBJC_ISA_USAGE = YES_ERROR;
				CLANG_WARN_DOCUMENTATION_COMMENTS = YES;
				CLANG_WARN_EMPTY_BODY = YES;
				CLANG_WARN_ENUM_CONVERSION = YES;
				CLANG_WARN_INFINITE_RECURSION = YES;
				CLANG_WARN_INT_CONVERSION = YES;
				CLANG_WARN_NON_LITERAL_NULL_CONVERSION = YES;
				CLANG_WARN_OBJC_IMPLICIT_RETAIN_SELF = YES;
				CLANG_WARN_OBJC_LITERAL_CONVERSION = YES;
				CLANG_WARN_OBJC_ROOT_CLASS = YES_ERROR;
				CLANG_WARN_QUOTED_INCLUDE_IN_FRAMEWORK_HEADER = YES;
				CLANG_WARN_RANGE_LOOP_ANALYSIS = YES;
				CLANG_WARN_STRICT_PROTOTYPES = YES;
				CLANG_WARN_SUSPICIOUS_MOVE = YES;
				CLANG_WARN_UNGUARDED_AVAILABILITY = YES_AGGRESSIVE;
				CLANG_WARN_UNREACHABLE_CODE = YES;
				CLANG_WARN__DUPLICATE_METHOD_MATCH = YES;
				COPY_PHASE_STRIP = NO;
				DEBUG_INFORMATION_FORMAT = dwarf;
				ENABLE_STRICT_OBJC_MSGSEND = YES;
				ENABLE_TESTABILITY = YES;
				GCC_C_LANGUAGE_STANDARD = gnu11;
				GCC_DYNAMIC_NO_PIC = NO;
				GCC_NO_COMMON_BLOCKS = YES;
				GCC_OPTIMIZATION_LEVEL = 0;
				GCC_PREPROCESSOR_DEFINITIONS = (
					"DEBUG=1",
					"$(inherited)",
				);
				GCC_WARN_64_TO_32_BIT_CONVERSION = YES;
				GCC_WARN_ABOUT_RETURN_TYPE = YES_ERROR;
				GCC_WARN_UNDECLARED_SELECTOR = YES;
				GCC_WARN_UNINITIALIZED_AUTOS = YES_AGGRESSIVE;
				GCC_WARN_UNUSED_FUNCTION = YES;
				GCC_WARN_UNUSED_VARIABLE = YES;
				IPHONEOS_DEPLOYMENT_TARGET = 15.0;
				MTL_ENABLE_DEBUG_INFO = INCLUDE_SOURCE;
				MTL_FAST_MATH = YES;
				ONLY_ACTIVE_ARCH = YES;
				SDKROOT = iphoneos;
				SWIFT_ACTIVE_COMPILATION_CONDITIONS = DEBUG;
				SWIFT_OPTIMIZATION_LEVEL = "-Onone";
			};
			name = Debug;
		};
		0877EEA7272537270049CD0D /* Release */ = {
			isa = XCBuildConfiguration;
			buildSettings = {
				ALWAYS_SEARCH_USER_PATHS = NO;
				CLANG_ANALYZER_NONNULL = YES;
				CLANG_ANALYZER_NUMBER_OBJECT_CONVERSION = YES_AGGRESSIVE;
				CLANG_CXX_LANGUAGE_STANDARD = "gnu++17";
				CLANG_CXX_LIBRARY = "libc++";
				CLANG_ENABLE_MODULES = YES;
				CLANG_ENABLE_OBJC_ARC = YES;
				CLANG_ENABLE_OBJC_WEAK = YES;
				CLANG_WARN_BLOCK_CAPTURE_AUTORELEASING = YES;
				CLANG_WARN_BOOL_CONVERSION = YES;
				CLANG_WARN_COMMA = YES;
				CLANG_WARN_CONSTANT_CONVERSION = YES;
				CLANG_WARN_DEPRECATED_OBJC_IMPLEMENTATIONS = YES;
				CLANG_WARN_DIRECT_OBJC_ISA_USAGE = YES_ERROR;
				CLANG_WARN_DOCUMENTATION_COMMENTS = YES;
				CLANG_WARN_EMPTY_BODY = YES;
				CLANG_WARN_ENUM_CONVERSION = YES;
				CLANG_WARN_INFINITE_RECURSION = YES;
				CLANG_WARN_INT_CONVERSION = YES;
				CLANG_WARN_NON_LITERAL_NULL_CONVERSION = YES;
				CLANG_WARN_OBJC_IMPLICIT_RETAIN_SELF = YES;
				CLANG_WARN_OBJC_LITERAL_CONVERSION = YES;
				CLANG_WARN_OBJC_ROOT_CLASS = YES_ERROR;
				CLANG_WARN_QUOTED_INCLUDE_IN_FRAMEWORK_HEADER = YES;
				CLANG_WARN_RANGE_LOOP_ANALYSIS = YES;
				CLANG_WARN_STRICT_PROTOTYPES = YES;
				CLANG_WARN_SUSPICIOUS_MOVE = YES;
				CLANG_WARN_UNGUARDED_AVAILABILITY = YES_AGGRESSIVE;
				CLANG_WARN_UNREACHABLE_CODE = YES;
				CLANG_WARN__DUPLICATE_METHOD_MATCH = YES;
				COPY_PHASE_STRIP = NO;
				DEBUG_INFORMATION_FORMAT = "dwarf-with-dsym";
				ENABLE_NS_ASSERTIONS = NO;
				ENABLE_STRICT_OBJC_MSGSEND = YES;
				GCC_C_LANGUAGE_STANDARD = gnu11;
				GCC_NO_COMMON_BLOCKS = YES;
				GCC_WARN_64_TO_32_BIT_CONVERSION = YES;
				GCC_WARN_ABOUT_RETURN_TYPE = YES_ERROR;
				GCC_WARN_UNDECLARED_SELECTOR = YES;
				GCC_WARN_UNINITIALIZED_AUTOS = YES_AGGRESSIVE;
				GCC_WARN_UNUSED_FUNCTION = YES;
				GCC_WARN_UNUSED_VARIABLE = YES;
				IPHONEOS_DEPLOYMENT_TARGET = 15.0;
				MTL_ENABLE_DEBUG_INFO = NO;
				MTL_FAST_MATH = YES;
				SDKROOT = iphoneos;
				SWIFT_COMPILATION_MODE = wholemodule;
				SWIFT_OPTIMIZATION_LEVEL = "-O";
				VALIDATE_PRODUCT = YES;
			};
			name = Release;
		};
		0877EEA9272537270049CD0D /* Debug */ = {
			isa = XCBuildConfiguration;
			baseConfigurationReference = 414CD84CA0985F4E3EC82CC6 /* Pods-Notice.debug.xcconfig */;
			buildSettings = {
				ASSETCATALOG_COMPILER_APPICON_NAME = AppIcon;
				ASSETCATALOG_COMPILER_GLOBAL_ACCENT_COLOR_NAME = AccentColor;
				CODE_SIGN_STYLE = Automatic;
				CURRENT_PROJECT_VERSION = 1;
				DEVELOPMENT_TEAM = U59PP2KXJ5;
				GENERATE_INFOPLIST_FILE = YES;
				INFOPLIST_FILE = Notice/Info.plist;
				INFOPLIST_KEY_UIApplicationSupportsIndirectInputEvents = YES;
				INFOPLIST_KEY_UILaunchStoryboardName = LaunchScreen;
				INFOPLIST_KEY_UIMainStoryboardFile = Main;
				INFOPLIST_KEY_UISupportedInterfaceOrientations = UIInterfaceOrientationPortrait;
				INFOPLIST_KEY_UISupportedInterfaceOrientations_iPad = "UIInterfaceOrientationPortrait UIInterfaceOrientationPortraitUpsideDown UIInterfaceOrientationLandscapeLeft UIInterfaceOrientationLandscapeRight";
				INFOPLIST_KEY_UISupportedInterfaceOrientations_iPhone = "UIInterfaceOrientationPortrait UIInterfaceOrientationLandscapeLeft UIInterfaceOrientationLandscapeRight";
				LD_RUNPATH_SEARCH_PATHS = (
					"$(inherited)",
					"@executable_path/Frameworks",
				);
				MARKETING_VERSION = 1.0;
				PRODUCT_BUNDLE_IDENTIFIER = com.thoonk.Notice;
				PRODUCT_NAME = "$(TARGET_NAME)";
				SWIFT_EMIT_LOC_STRINGS = YES;
				SWIFT_VERSION = 5.0;
				TARGETED_DEVICE_FAMILY = 1;
			};
			name = Debug;
		};
		0877EEAA272537270049CD0D /* Release */ = {
			isa = XCBuildConfiguration;
			baseConfigurationReference = 8DD33A70A097A75CC1222760 /* Pods-Notice.release.xcconfig */;
			buildSettings = {
				ASSETCATALOG_COMPILER_APPICON_NAME = AppIcon;
				ASSETCATALOG_COMPILER_GLOBAL_ACCENT_COLOR_NAME = AccentColor;
				CODE_SIGN_STYLE = Automatic;
				CURRENT_PROJECT_VERSION = 1;
				DEVELOPMENT_TEAM = U59PP2KXJ5;
				GENERATE_INFOPLIST_FILE = YES;
				INFOPLIST_FILE = Notice/Info.plist;
				INFOPLIST_KEY_UIApplicationSupportsIndirectInputEvents = YES;
				INFOPLIST_KEY_UILaunchStoryboardName = LaunchScreen;
				INFOPLIST_KEY_UIMainStoryboardFile = Main;
				INFOPLIST_KEY_UISupportedInterfaceOrientations = UIInterfaceOrientationPortrait;
				INFOPLIST_KEY_UISupportedInterfaceOrientations_iPad = "UIInterfaceOrientationPortrait UIInterfaceOrientationPortraitUpsideDown UIInterfaceOrientationLandscapeLeft UIInterfaceOrientationLandscapeRight";
				INFOPLIST_KEY_UISupportedInterfaceOrientations_iPhone = "UIInterfaceOrientationPortrait UIInterfaceOrientationLandscapeLeft UIInterfaceOrientationLandscapeRight";
				LD_RUNPATH_SEARCH_PATHS = (
					"$(inherited)",
					"@executable_path/Frameworks",
				);
				MARKETING_VERSION = 1.0;
				PRODUCT_BUNDLE_IDENTIFIER = com.thoonk.Notice;
				PRODUCT_NAME = "$(TARGET_NAME)";
				SWIFT_EMIT_LOC_STRINGS = YES;
				SWIFT_VERSION = 5.0;
				TARGETED_DEVICE_FAMILY = 1;
			};
			name = Release;
		};
/* End XCBuildConfiguration section */

/* Begin XCConfigurationList section */
		0877EE8F272537260049CD0D /* Build configuration list for PBXProject "Notice" */ = {
			isa = XCConfigurationList;
			buildConfigurations = (
				0877EEA6272537270049CD0D /* Debug */,
				0877EEA7272537270049CD0D /* Release */,
			);
			defaultConfigurationIsVisible = 0;
			defaultConfigurationName = Release;
		};
		0877EEA8272537270049CD0D /* Build configuration list for PBXNativeTarget "Notice" */ = {
			isa = XCConfigurationList;
			buildConfigurations = (
				0877EEA9272537270049CD0D /* Debug */,
				0877EEAA272537270049CD0D /* Release */,
			);
			defaultConfigurationIsVisible = 0;
			defaultConfigurationName = Release;
		};
/* End XCConfigurationList section */
	};
	rootObject = 0877EE8C272537260049CD0D /* Project object */;
}
