// !$*UTF8*$!
{
	archiveVersion = 1;
	classes = {
	};
	objectVersion = 55;
	objects = {

/* Begin PBXBuildFile section */
		081357A027A6C16B0060748E /* UserDefaults.swift in Sources */ = {isa = PBXBuildFile; fileRef = 0813579F27A6C16B0060748E /* UserDefaults.swift */; };
		081357A427AA83FB0060748E /* MovieListPresenterTest.swift in Sources */ = {isa = PBXBuildFile; fileRef = 081357A327AA83FB0060748E /* MovieListPresenterTest.swift */; };
		081357A627AA86640060748E /* MockMovieSearchManager.swift in Sources */ = {isa = PBXBuildFile; fileRef = 081357A527AA86640060748E /* MockMovieSearchManager.swift */; };
		081357AA27AA86BA0060748E /* MockUserDefaultsManager.swift in Sources */ = {isa = PBXBuildFile; fileRef = 081357A927AA86BA0060748E /* MockUserDefaultsManager.swift */; };
		081357AC27AA86CF0060748E /* MockMovieListViewController.swift in Sources */ = {isa = PBXBuildFile; fileRef = 081357AB27AA86CF0060748E /* MockMovieListViewController.swift */; };
		081357AE27AA8C790060748E /* MovieDetailPresenterTest.swift in Sources */ = {isa = PBXBuildFile; fileRef = 081357AD27AA8C790060748E /* MovieDetailPresenterTest.swift */; };
		081357B027AA8D2A0060748E /* MockMovieDetailViewController.swift in Sources */ = {isa = PBXBuildFile; fileRef = 081357AF27AA8D2A0060748E /* MockMovieDetailViewController.swift */; };
		08FCBF3927A12A75009BF770 /* MovieListCollectionViewCell.swift in Sources */ = {isa = PBXBuildFile; fileRef = 08FCBF3827A12A75009BF770 /* MovieListCollectionViewCell.swift */; };
		08FCBF3C27A13F79009BF770 /* MovieDetailViewController.swift in Sources */ = {isa = PBXBuildFile; fileRef = 08FCBF3B27A13F78009BF770 /* MovieDetailViewController.swift */; };
		08FCBF3E27A13F87009BF770 /* MovieDetailPresenter.swift in Sources */ = {isa = PBXBuildFile; fileRef = 08FCBF3D27A13F87009BF770 /* MovieDetailPresenter.swift */; };
		08FCBF4127A145CC009BF770 /* MovieContentsStackView.swift in Sources */ = {isa = PBXBuildFile; fileRef = 08FCBF4027A145CC009BF770 /* MovieContentsStackView.swift */; };
		09397B7E1D2F8F5CB21B3B8C /* Pods_MovieReviewTests.framework in Frameworks */ = {isa = PBXBuildFile; fileRef = 39BF3292CE2F2C1FBC494731 /* Pods_MovieReviewTests.framework */; };
		6A57CC21279A4EB600593ADB /* AppDelegate.swift in Sources */ = {isa = PBXBuildFile; fileRef = 6A57CC20279A4EB600593ADB /* AppDelegate.swift */; };
		6A57CC23279A4EB600593ADB /* SceneDelegate.swift in Sources */ = {isa = PBXBuildFile; fileRef = 6A57CC22279A4EB600593ADB /* SceneDelegate.swift */; };
		6A57CC2A279A4EB700593ADB /* Assets.xcassets in Resources */ = {isa = PBXBuildFile; fileRef = 6A57CC29279A4EB700593ADB /* Assets.xcassets */; };
		6A57CC2D279A4EB700593ADB /* LaunchScreen.storyboard in Resources */ = {isa = PBXBuildFile; fileRef = 6A57CC2B279A4EB700593ADB /* LaunchScreen.storyboard */; };
		6A57CC42279A4EB700593ADB /* MovieReviewUITests.swift in Sources */ = {isa = PBXBuildFile; fileRef = 6A57CC41279A4EB700593ADB /* MovieReviewUITests.swift */; };
		6A57CC44279A4EB700593ADB /* MovieReviewUITestsLaunchTests.swift in Sources */ = {isa = PBXBuildFile; fileRef = 6A57CC43279A4EB700593ADB /* MovieReviewUITestsLaunchTests.swift */; };
		6A57CC52279A50D400593ADB /* .swiftlint.yml in Resources */ = {isa = PBXBuildFile; fileRef = 6A57CC51279A50D400593ADB /* .swiftlint.yml */; };
		6A57CC54279A552800593ADB /* MovieSearchRequestModel.swift in Sources */ = {isa = PBXBuildFile; fileRef = 6A57CC53279A552800593ADB /* MovieSearchRequestModel.swift */; };
		6A57CC56279A555300593ADB /* MovieSearchResponseModel.swift in Sources */ = {isa = PBXBuildFile; fileRef = 6A57CC55279A555300593ADB /* MovieSearchResponseModel.swift */; };
		6A57CC59279A56AC00593ADB /* Movie.swift in Sources */ = {isa = PBXBuildFile; fileRef = 6A57CC58279A56AC00593ADB /* Movie.swift */; };
		6A57CC5B279A56C800593ADB /* MovieSearchManager.swift in Sources */ = {isa = PBXBuildFile; fileRef = 6A57CC5A279A56C800593ADB /* MovieSearchManager.swift */; };
		6A57CC5D279A591A00593ADB /* MovieListViewController.swift in Sources */ = {isa = PBXBuildFile; fileRef = 6A57CC5C279A591A00593ADB /* MovieListViewController.swift */; };
		6A57CC63279AAC0300593ADB /* MovieListPresenter.swift in Sources */ = {isa = PBXBuildFile; fileRef = 6A57CC62279AAC0300593ADB /* MovieListPresenter.swift */; };
		ED2AF8E06EBA0BAD685C9A9F /* Pods_MovieReview.framework in Frameworks */ = {isa = PBXBuildFile; fileRef = B415ED24049703B4BF4FFF2A /* Pods_MovieReview.framework */; };
		FD9392B8139A609AC881380B /* Pods_MovieReview_MovieReviewUITests.framework in Frameworks */ = {isa = PBXBuildFile; fileRef = 57A2B27D1237AF3BF0091AB2 /* Pods_MovieReview_MovieReviewUITests.framework */; };
/* End PBXBuildFile section */

/* Begin PBXContainerItemProxy section */
		6A57CC34279A4EB700593ADB /* PBXContainerItemProxy */ = {
			isa = PBXContainerItemProxy;
			containerPortal = 6A57CC15279A4EB500593ADB /* Project object */;
			proxyType = 1;
			remoteGlobalIDString = 6A57CC1C279A4EB500593ADB;
			remoteInfo = MovieReview;
		};
		6A57CC3E279A4EB700593ADB /* PBXContainerItemProxy */ = {
			isa = PBXContainerItemProxy;
			containerPortal = 6A57CC15279A4EB500593ADB /* Project object */;
			proxyType = 1;
			remoteGlobalIDString = 6A57CC1C279A4EB500593ADB;
			remoteInfo = MovieReview;
		};
/* End PBXContainerItemProxy section */

/* Begin PBXFileReference section */
		0813579F27A6C16B0060748E /* UserDefaults.swift */ = {isa = PBXFileReference; lastKnownFileType = sourcecode.swift; path = UserDefaults.swift; sourceTree = "<group>"; };
		081357A327AA83FB0060748E /* MovieListPresenterTest.swift */ = {isa = PBXFileReference; lastKnownFileType = sourcecode.swift; path = MovieListPresenterTest.swift; sourceTree = "<group>"; };
		081357A527AA86640060748E /* MockMovieSearchManager.swift */ = {isa = PBXFileReference; lastKnownFileType = sourcecode.swift; path = MockMovieSearchManager.swift; sourceTree = "<group>"; };
		081357A927AA86BA0060748E /* MockUserDefaultsManager.swift */ = {isa = PBXFileReference; lastKnownFileType = sourcecode.swift; path = MockUserDefaultsManager.swift; sourceTree = "<group>"; };
		081357AB27AA86CF0060748E /* MockMovieListViewController.swift */ = {isa = PBXFileReference; lastKnownFileType = sourcecode.swift; path = MockMovieListViewController.swift; sourceTree = "<group>"; };
		081357AD27AA8C790060748E /* MovieDetailPresenterTest.swift */ = {isa = PBXFileReference; lastKnownFileType = sourcecode.swift; path = MovieDetailPresenterTest.swift; sourceTree = "<group>"; };
		081357AF27AA8D2A0060748E /* MockMovieDetailViewController.swift */ = {isa = PBXFileReference; lastKnownFileType = sourcecode.swift; path = MockMovieDetailViewController.swift; sourceTree = "<group>"; };
		08FCBF3827A12A75009BF770 /* MovieListCollectionViewCell.swift */ = {isa = PBXFileReference; lastKnownFileType = sourcecode.swift; path = MovieListCollectionViewCell.swift; sourceTree = "<group>"; };
		08FCBF3B27A13F78009BF770 /* MovieDetailViewController.swift */ = {isa = PBXFileReference; lastKnownFileType = sourcecode.swift; path = MovieDetailViewController.swift; sourceTree = "<group>"; };
		08FCBF3D27A13F87009BF770 /* MovieDetailPresenter.swift */ = {isa = PBXFileReference; lastKnownFileType = sourcecode.swift; path = MovieDetailPresenter.swift; sourceTree = "<group>"; };
		08FCBF4027A145CC009BF770 /* MovieContentsStackView.swift */ = {isa = PBXFileReference; lastKnownFileType = sourcecode.swift; path = MovieContentsStackView.swift; sourceTree = "<group>"; };
		39BF3292CE2F2C1FBC494731 /* Pods_MovieReviewTests.framework */ = {isa = PBXFileReference; explicitFileType = wrapper.framework; includeInIndex = 0; path = Pods_MovieReviewTests.framework; sourceTree = BUILT_PRODUCTS_DIR; };
		42C11D2A60C62BC495FA1C0F /* Pods-MovieReview-MovieReviewUITests.debug.xcconfig */ = {isa = PBXFileReference; includeInIndex = 1; lastKnownFileType = text.xcconfig; name = "Pods-MovieReview-MovieReviewUITests.debug.xcconfig"; path = "Target Support Files/Pods-MovieReview-MovieReviewUITests/Pods-MovieReview-MovieReviewUITests.debug.xcconfig"; sourceTree = "<group>"; };
		4AB3B5553049AE63CB987164 /* Pods-MovieReview.debug.xcconfig */ = {isa = PBXFileReference; includeInIndex = 1; lastKnownFileType = text.xcconfig; name = "Pods-MovieReview.debug.xcconfig"; path = "Target Support Files/Pods-MovieReview/Pods-MovieReview.debug.xcconfig"; sourceTree = "<group>"; };
		57A2B27D1237AF3BF0091AB2 /* Pods_MovieReview_MovieReviewUITests.framework */ = {isa = PBXFileReference; explicitFileType = wrapper.framework; includeInIndex = 0; path = Pods_MovieReview_MovieReviewUITests.framework; sourceTree = BUILT_PRODUCTS_DIR; };
		5871686291A139F054BCE9D1 /* Pods-MovieReview.release.xcconfig */ = {isa = PBXFileReference; includeInIndex = 1; lastKnownFileType = text.xcconfig; name = "Pods-MovieReview.release.xcconfig"; path = "Target Support Files/Pods-MovieReview/Pods-MovieReview.release.xcconfig"; sourceTree = "<group>"; };
		6A57CC1D279A4EB500593ADB /* MovieReview.app */ = {isa = PBXFileReference; explicitFileType = wrapper.application; includeInIndex = 0; path = MovieReview.app; sourceTree = BUILT_PRODUCTS_DIR; };
		6A57CC20279A4EB600593ADB /* AppDelegate.swift */ = {isa = PBXFileReference; lastKnownFileType = sourcecode.swift; path = AppDelegate.swift; sourceTree = "<group>"; };
		6A57CC22279A4EB600593ADB /* SceneDelegate.swift */ = {isa = PBXFileReference; lastKnownFileType = sourcecode.swift; path = SceneDelegate.swift; sourceTree = "<group>"; };
		6A57CC29279A4EB700593ADB /* Assets.xcassets */ = {isa = PBXFileReference; lastKnownFileType = folder.assetcatalog; path = Assets.xcassets; sourceTree = "<group>"; };
		6A57CC2C279A4EB700593ADB /* Base */ = {isa = PBXFileReference; lastKnownFileType = file.storyboard; name = Base; path = Base.lproj/LaunchScreen.storyboard; sourceTree = "<group>"; };
		6A57CC2E279A4EB700593ADB /* Info.plist */ = {isa = PBXFileReference; lastKnownFileType = text.plist.xml; path = Info.plist; sourceTree = "<group>"; };
		6A57CC33279A4EB700593ADB /* MovieReviewTests.xctest */ = {isa = PBXFileReference; explicitFileType = wrapper.cfbundle; includeInIndex = 0; path = MovieReviewTests.xctest; sourceTree = BUILT_PRODUCTS_DIR; };
		6A57CC3D279A4EB700593ADB /* MovieReviewUITests.xctest */ = {isa = PBXFileReference; explicitFileType = wrapper.cfbundle; includeInIndex = 0; path = MovieReviewUITests.xctest; sourceTree = BUILT_PRODUCTS_DIR; };
		6A57CC41279A4EB700593ADB /* MovieReviewUITests.swift */ = {isa = PBXFileReference; lastKnownFileType = sourcecode.swift; path = MovieReviewUITests.swift; sourceTree = "<group>"; };
		6A57CC43279A4EB700593ADB /* MovieReviewUITestsLaunchTests.swift */ = {isa = PBXFileReference; lastKnownFileType = sourcecode.swift; path = MovieReviewUITestsLaunchTests.swift; sourceTree = "<group>"; };
		6A57CC51279A50D400593ADB /* .swiftlint.yml */ = {isa = PBXFileReference; lastKnownFileType = text.yaml; path = .swiftlint.yml; sourceTree = "<group>"; };
		6A57CC53279A552800593ADB /* MovieSearchRequestModel.swift */ = {isa = PBXFileReference; lastKnownFileType = sourcecode.swift; path = MovieSearchRequestModel.swift; sourceTree = "<group>"; };
		6A57CC55279A555300593ADB /* MovieSearchResponseModel.swift */ = {isa = PBXFileReference; lastKnownFileType = sourcecode.swift; path = MovieSearchResponseModel.swift; sourceTree = "<group>"; };
		6A57CC58279A56AC00593ADB /* Movie.swift */ = {isa = PBXFileReference; lastKnownFileType = sourcecode.swift; path = Movie.swift; sourceTree = "<group>"; };
		6A57CC5A279A56C800593ADB /* MovieSearchManager.swift */ = {isa = PBXFileReference; lastKnownFileType = sourcecode.swift; path = MovieSearchManager.swift; sourceTree = "<group>"; };
		6A57CC5C279A591A00593ADB /* MovieListViewController.swift */ = {isa = PBXFileReference; lastKnownFileType = sourcecode.swift; path = MovieListViewController.swift; sourceTree = "<group>"; };
		6A57CC62279AAC0300593ADB /* MovieListPresenter.swift */ = {isa = PBXFileReference; lastKnownFileType = sourcecode.swift; path = MovieListPresenter.swift; sourceTree = "<group>"; };
		6E7C45CF0FD2BCC9E7D520E7 /* Pods-MovieReview-MovieReviewUITests.release.xcconfig */ = {isa = PBXFileReference; includeInIndex = 1; lastKnownFileType = text.xcconfig; name = "Pods-MovieReview-MovieReviewUITests.release.xcconfig"; path = "Target Support Files/Pods-MovieReview-MovieReviewUITests/Pods-MovieReview-MovieReviewUITests.release.xcconfig"; sourceTree = "<group>"; };
		B415ED24049703B4BF4FFF2A /* Pods_MovieReview.framework */ = {isa = PBXFileReference; explicitFileType = wrapper.framework; includeInIndex = 0; path = Pods_MovieReview.framework; sourceTree = BUILT_PRODUCTS_DIR; };
		B82B09F20A7F004D8B53C65E /* Pods-MovieReviewTests.release.xcconfig */ = {isa = PBXFileReference; includeInIndex = 1; lastKnownFileType = text.xcconfig; name = "Pods-MovieReviewTests.release.xcconfig"; path = "Target Support Files/Pods-MovieReviewTests/Pods-MovieReviewTests.release.xcconfig"; sourceTree = "<group>"; };
		BF1227392C95963887A285F7 /* Pods-MovieReviewTests.debug.xcconfig */ = {isa = PBXFileReference; includeInIndex = 1; lastKnownFileType = text.xcconfig; name = "Pods-MovieReviewTests.debug.xcconfig"; path = "Target Support Files/Pods-MovieReviewTests/Pods-MovieReviewTests.debug.xcconfig"; sourceTree = "<group>"; };
/* End PBXFileReference section */

/* Begin PBXFrameworksBuildPhase section */
		6A57CC1A279A4EB500593ADB /* Frameworks */ = {
			isa = PBXFrameworksBuildPhase;
			buildActionMask = 2147483647;
			files = (
				ED2AF8E06EBA0BAD685C9A9F /* Pods_MovieReview.framework in Frameworks */,
			);
			runOnlyForDeploymentPostprocessing = 0;
		};
		6A57CC30279A4EB700593ADB /* Frameworks */ = {
			isa = PBXFrameworksBuildPhase;
			buildActionMask = 2147483647;
			files = (
				09397B7E1D2F8F5CB21B3B8C /* Pods_MovieReviewTests.framework in Frameworks */,
			);
			runOnlyForDeploymentPostprocessing = 0;
		};
		6A57CC3A279A4EB700593ADB /* Frameworks */ = {
			isa = PBXFrameworksBuildPhase;
			buildActionMask = 2147483647;
			files = (
				FD9392B8139A609AC881380B /* Pods_MovieReview_MovieReviewUITests.framework in Frameworks */,
			);
			runOnlyForDeploymentPostprocessing = 0;
		};
/* End PBXFrameworksBuildPhase section */

/* Begin PBXGroup section */
		0813579E27A6C1490060748E /* Manager */ = {
			isa = PBXGroup;
			children = (
				6A57CC5A279A56C800593ADB /* MovieSearchManager.swift */,
				0813579F27A6C16B0060748E /* UserDefaults.swift */,
			);
			path = Manager;
			sourceTree = "<group>";
		};
		081357A727AA86960060748E /* Mocks */ = {
			isa = PBXGroup;
			children = (
				081357A527AA86640060748E /* MockMovieSearchManager.swift */,
				081357A927AA86BA0060748E /* MockUserDefaultsManager.swift */,
				081357AB27AA86CF0060748E /* MockMovieListViewController.swift */,
				081357AF27AA8D2A0060748E /* MockMovieDetailViewController.swift */,
			);
			path = Mocks;
			sourceTree = "<group>";
		};
		081357A827AA869A0060748E /* Tests */ = {
			isa = PBXGroup;
			children = (
				081357A327AA83FB0060748E /* MovieListPresenterTest.swift */,
				081357AD27AA8C790060748E /* MovieDetailPresenterTest.swift */,
			);
			path = Tests;
			sourceTree = "<group>";
		};
		08FCBF3727A12A5A009BF770 /* Scenes */ = {
			isa = PBXGroup;
			children = (
				08FCBF3A27A12A8E009BF770 /* MovieList */,
				08FCBF3F27A13F8B009BF770 /* MovieDetail */,
			);
			path = Scenes;
			sourceTree = "<group>";
		};
		08FCBF3A27A12A8E009BF770 /* MovieList */ = {
			isa = PBXGroup;
			children = (
				6A57CC5C279A591A00593ADB /* MovieListViewController.swift */,
				6A57CC62279AAC0300593ADB /* MovieListPresenter.swift */,
				08FCBF3827A12A75009BF770 /* MovieListCollectionViewCell.swift */,
			);
			path = MovieList;
			sourceTree = "<group>";
		};
		08FCBF3F27A13F8B009BF770 /* MovieDetail */ = {
			isa = PBXGroup;
			children = (
				08FCBF3B27A13F78009BF770 /* MovieDetailViewController.swift */,
				08FCBF3D27A13F87009BF770 /* MovieDetailPresenter.swift */,
				08FCBF4027A145CC009BF770 /* MovieContentsStackView.swift */,
			);
			path = MovieDetail;
			sourceTree = "<group>";
		};
		1C6911630158C62789561AAE /* Frameworks */ = {
			isa = PBXGroup;
			children = (
				B415ED24049703B4BF4FFF2A /* Pods_MovieReview.framework */,
				57A2B27D1237AF3BF0091AB2 /* Pods_MovieReview_MovieReviewUITests.framework */,
				39BF3292CE2F2C1FBC494731 /* Pods_MovieReviewTests.framework */,
			);
			name = Frameworks;
			sourceTree = "<group>";
		};
		6A57CC14279A4EB500593ADB = {
			isa = PBXGroup;
			children = (
				6A57CC51279A50D400593ADB /* .swiftlint.yml */,
				6A57CC1F279A4EB600593ADB /* MovieReview */,
				6A57CC36279A4EB700593ADB /* MovieReviewTests */,
				6A57CC40279A4EB700593ADB /* MovieReviewUITests */,
				6A57CC1E279A4EB500593ADB /* Products */,
				9216BC2D8316DC798A69FE95 /* Pods */,
				1C6911630158C62789561AAE /* Frameworks */,
			);
			sourceTree = "<group>";
		};
		6A57CC1E279A4EB500593ADB /* Products */ = {
			isa = PBXGroup;
			children = (
				6A57CC1D279A4EB500593ADB /* MovieReview.app */,
				6A57CC33279A4EB700593ADB /* MovieReviewTests.xctest */,
				6A57CC3D279A4EB700593ADB /* MovieReviewUITests.xctest */,
			);
			name = Products;
			sourceTree = "<group>";
		};
		6A57CC1F279A4EB600593ADB /* MovieReview */ = {
			isa = PBXGroup;
			children = (
				6A57CC20279A4EB600593ADB /* AppDelegate.swift */,
				6A57CC22279A4EB600593ADB /* SceneDelegate.swift */,
				6A57CC29279A4EB700593ADB /* Assets.xcassets */,
				6A57CC2B279A4EB700593ADB /* LaunchScreen.storyboard */,
				6A57CC2E279A4EB700593ADB /* Info.plist */,
				0813579E27A6C1490060748E /* Manager */,
				6A57CC57279A557500593ADB /* Models */,
				08FCBF3727A12A5A009BF770 /* Scenes */,
			);
			path = MovieReview;
			sourceTree = "<group>";
		};
		6A57CC36279A4EB700593ADB /* MovieReviewTests */ = {
			isa = PBXGroup;
			children = (
				081357A727AA86960060748E /* Mocks */,
				081357A827AA869A0060748E /* Tests */,
			);
			path = MovieReviewTests;
			sourceTree = "<group>";
		};
		6A57CC40279A4EB700593ADB /* MovieReviewUITests */ = {
			isa = PBXGroup;
			children = (
				6A57CC41279A4EB700593ADB /* MovieReviewUITests.swift */,
				6A57CC43279A4EB700593ADB /* MovieReviewUITestsLaunchTests.swift */,
			);
			path = MovieReviewUITests;
			sourceTree = "<group>";
		};
		6A57CC57279A557500593ADB /* Models */ = {
			isa = PBXGroup;
			children = (
				6A57CC53279A552800593ADB /* MovieSearchRequestModel.swift */,
				6A57CC55279A555300593ADB /* MovieSearchResponseModel.swift */,
				6A57CC58279A56AC00593ADB /* Movie.swift */,
			);
			path = Models;
			sourceTree = "<group>";
		};
		9216BC2D8316DC798A69FE95 /* Pods */ = {
			isa = PBXGroup;
			children = (
				4AB3B5553049AE63CB987164 /* Pods-MovieReview.debug.xcconfig */,
				5871686291A139F054BCE9D1 /* Pods-MovieReview.release.xcconfig */,
				42C11D2A60C62BC495FA1C0F /* Pods-MovieReview-MovieReviewUITests.debug.xcconfig */,
				6E7C45CF0FD2BCC9E7D520E7 /* Pods-MovieReview-MovieReviewUITests.release.xcconfig */,
				BF1227392C95963887A285F7 /* Pods-MovieReviewTests.debug.xcconfig */,
				B82B09F20A7F004D8B53C65E /* Pods-MovieReviewTests.release.xcconfig */,
			);
			path = Pods;
			sourceTree = "<group>";
		};
/* End PBXGroup section */

/* Begin PBXNativeTarget section */
		6A57CC1C279A4EB500593ADB /* MovieReview */ = {
			isa = PBXNativeTarget;
			buildConfigurationList = 6A57CC47279A4EB700593ADB /* Build configuration list for PBXNativeTarget "MovieReview" */;
			buildPhases = (
				F18BFAD8B76B748DCB439F9A /* [CP] Check Pods Manifest.lock */,
				6A57CC19279A4EB500593ADB /* Sources */,
				6A57CC1A279A4EB500593ADB /* Frameworks */,
				6A57CC1B279A4EB500593ADB /* Resources */,
				52C715DBC723B33103FD5369 /* [CP] Embed Pods Frameworks */,
				6A57CC50279A504900593ADB /* ShellScript */,
			);
			buildRules = (
			);
			dependencies = (
			);
			name = MovieReview;
			productName = MovieReview;
			productReference = 6A57CC1D279A4EB500593ADB /* MovieReview.app */;
			productType = "com.apple.product-type.application";
		};
		6A57CC32279A4EB700593ADB /* MovieReviewTests */ = {
			isa = PBXNativeTarget;
			buildConfigurationList = 6A57CC4A279A4EB700593ADB /* Build configuration list for PBXNativeTarget "MovieReviewTests" */;
			buildPhases = (
				3660BFCB5B57047118DF9EAF /* [CP] Check Pods Manifest.lock */,
				6A57CC2F279A4EB700593ADB /* Sources */,
				6A57CC30279A4EB700593ADB /* Frameworks */,
				6A57CC31279A4EB700593ADB /* Resources */,
			);
			buildRules = (
			);
			dependencies = (
				6A57CC35279A4EB700593ADB /* PBXTargetDependency */,
			);
			name = MovieReviewTests;
			productName = MovieReviewTests;
			productReference = 6A57CC33279A4EB700593ADB /* MovieReviewTests.xctest */;
			productType = "com.apple.product-type.bundle.unit-test";
		};
		6A57CC3C279A4EB700593ADB /* MovieReviewUITests */ = {
			isa = PBXNativeTarget;
			buildConfigurationList = 6A57CC4D279A4EB700593ADB /* Build configuration list for PBXNativeTarget "MovieReviewUITests" */;
			buildPhases = (
				84D06DA7C0AE53FC3D1EFB63 /* [CP] Check Pods Manifest.lock */,
				6A57CC39279A4EB700593ADB /* Sources */,
				6A57CC3A279A4EB700593ADB /* Frameworks */,
				6A57CC3B279A4EB700593ADB /* Resources */,
				F1CEC5EB637E1C8A8ECA0F0C /* [CP] Embed Pods Frameworks */,
			);
			buildRules = (
			);
			dependencies = (
				6A57CC3F279A4EB700593ADB /* PBXTargetDependency */,
			);
			name = MovieReviewUITests;
			productName = MovieReviewUITests;
			productReference = 6A57CC3D279A4EB700593ADB /* MovieReviewUITests.xctest */;
			productType = "com.apple.product-type.bundle.ui-testing";
		};
/* End PBXNativeTarget section */

/* Begin PBXProject section */
		6A57CC15279A4EB500593ADB /* Project object */ = {
			isa = PBXProject;
			attributes = {
				BuildIndependentTargetsInParallel = 1;
				LastSwiftUpdateCheck = 1320;
				LastUpgradeCheck = 1320;
				TargetAttributes = {
					6A57CC1C279A4EB500593ADB = {
						CreatedOnToolsVersion = 13.2;
					};
					6A57CC32279A4EB700593ADB = {
						CreatedOnToolsVersion = 13.2;
						LastSwiftMigration = 1310;
						TestTargetID = 6A57CC1C279A4EB500593ADB;
					};
					6A57CC3C279A4EB700593ADB = {
						CreatedOnToolsVersion = 13.2;
						TestTargetID = 6A57CC1C279A4EB500593ADB;
					};
				};
			};
			buildConfigurationList = 6A57CC18279A4EB500593ADB /* Build configuration list for PBXProject "MovieReview" */;
			compatibilityVersion = "Xcode 13.0";
			developmentRegion = en;
			hasScannedForEncodings = 0;
			knownRegions = (
				en,
				Base,
			);
			mainGroup = 6A57CC14279A4EB500593ADB;
			productRefGroup = 6A57CC1E279A4EB500593ADB /* Products */;
			projectDirPath = "";
			projectRoot = "";
			targets = (
				6A57CC1C279A4EB500593ADB /* MovieReview */,
				6A57CC32279A4EB700593ADB /* MovieReviewTests */,
				6A57CC3C279A4EB700593ADB /* MovieReviewUITests */,
			);
		};
/* End PBXProject section */

/* Begin PBXResourcesBuildPhase section */
		6A57CC1B279A4EB500593ADB /* Resources */ = {
			isa = PBXResourcesBuildPhase;
			buildActionMask = 2147483647;
			files = (
				6A57CC52279A50D400593ADB /* .swiftlint.yml in Resources */,
				6A57CC2D279A4EB700593ADB /* LaunchScreen.storyboard in Resources */,
				6A57CC2A279A4EB700593ADB /* Assets.xcassets in Resources */,
			);
			runOnlyForDeploymentPostprocessing = 0;
		};
		6A57CC31279A4EB700593ADB /* Resources */ = {
			isa = PBXResourcesBuildPhase;
			buildActionMask = 2147483647;
			files = (
			);
			runOnlyForDeploymentPostprocessing = 0;
		};
		6A57CC3B279A4EB700593ADB /* Resources */ = {
			isa = PBXResourcesBuildPhase;
			buildActionMask = 2147483647;
			files = (
			);
			runOnlyForDeploymentPostprocessing = 0;
		};
/* End PBXResourcesBuildPhase section */

/* Begin PBXShellScriptBuildPhase section */
		3660BFCB5B57047118DF9EAF /* [CP] Check Pods Manifest.lock */ = {
			isa = PBXShellScriptBuildPhase;
			buildActionMask = 2147483647;
			files = (
			);
			inputFileListPaths = (
			);
			inputPaths = (
				"${PODS_PODFILE_DIR_PATH}/Podfile.lock",
				"${PODS_ROOT}/Manifest.lock",
			);
			name = "[CP] Check Pods Manifest.lock";
			outputFileListPaths = (
			);
			outputPaths = (
				"$(DERIVED_FILE_DIR)/Pods-MovieReviewTests-checkManifestLockResult.txt",
			);
			runOnlyForDeploymentPostprocessing = 0;
			shellPath = /bin/sh;
			shellScript = "diff \"${PODS_PODFILE_DIR_PATH}/Podfile.lock\" \"${PODS_ROOT}/Manifest.lock\" > /dev/null\nif [ $? != 0 ] ; then\n    # print error to STDERR\n    echo \"error: The sandbox is not in sync with the Podfile.lock. Run 'pod install' or update your CocoaPods installation.\" >&2\n    exit 1\nfi\n# This output is used by Xcode 'outputs' to avoid re-running this script phase.\necho \"SUCCESS\" > \"${SCRIPT_OUTPUT_FILE_0}\"\n";
			showEnvVarsInLog = 0;
		};
		52C715DBC723B33103FD5369 /* [CP] Embed Pods Frameworks */ = {
			isa = PBXShellScriptBuildPhase;
			buildActionMask = 2147483647;
			files = (
			);
			inputFileListPaths = (
				"${PODS_ROOT}/Target Support Files/Pods-MovieReview/Pods-MovieReview-frameworks-${CONFIGURATION}-input-files.xcfilelist",
			);
			name = "[CP] Embed Pods Frameworks";
			outputFileListPaths = (
				"${PODS_ROOT}/Target Support Files/Pods-MovieReview/Pods-MovieReview-frameworks-${CONFIGURATION}-output-files.xcfilelist",
			);
			runOnlyForDeploymentPostprocessing = 0;
			shellPath = /bin/sh;
			shellScript = "\"${PODS_ROOT}/Target Support Files/Pods-MovieReview/Pods-MovieReview-frameworks.sh\"\n";
			showEnvVarsInLog = 0;
		};
		6A57CC50279A504900593ADB /* ShellScript */ = {
			isa = PBXShellScriptBuildPhase;
			buildActionMask = 2147483647;
			files = (
			);
			inputFileListPaths = (
			);
			inputPaths = (
			);
			outputFileListPaths = (
			);
			outputPaths = (
			);
			runOnlyForDeploymentPostprocessing = 0;
			shellPath = /bin/sh;
			shellScript = "# Type a script or drag a script file from your workspace to insert its path.\n${PODS_ROOT}/SwiftLint/swiftlint\n";
		};
		84D06DA7C0AE53FC3D1EFB63 /* [CP] Check Pods Manifest.lock */ = {
			isa = PBXShellScriptBuildPhase;
			buildActionMask = 2147483647;
			files = (
			);
			inputFileListPaths = (
			);
			inputPaths = (
				"${PODS_PODFILE_DIR_PATH}/Podfile.lock",
				"${PODS_ROOT}/Manifest.lock",
			);
			name = "[CP] Check Pods Manifest.lock";
			outputFileListPaths = (
			);
			outputPaths = (
				"$(DERIVED_FILE_DIR)/Pods-MovieReview-MovieReviewUITests-checkManifestLockResult.txt",
			);
			runOnlyForDeploymentPostprocessing = 0;
			shellPath = /bin/sh;
			shellScript = "diff \"${PODS_PODFILE_DIR_PATH}/Podfile.lock\" \"${PODS_ROOT}/Manifest.lock\" > /dev/null\nif [ $? != 0 ] ; then\n    # print error to STDERR\n    echo \"error: The sandbox is not in sync with the Podfile.lock. Run 'pod install' or update your CocoaPods installation.\" >&2\n    exit 1\nfi\n# This output is used by Xcode 'outputs' to avoid re-running this script phase.\necho \"SUCCESS\" > \"${SCRIPT_OUTPUT_FILE_0}\"\n";
			showEnvVarsInLog = 0;
		};
		F18BFAD8B76B748DCB439F9A /* [CP] Check Pods Manifest.lock */ = {
			isa = PBXShellScriptBuildPhase;
			buildActionMask = 2147483647;
			files = (
			);
			inputFileListPaths = (
			);
			inputPaths = (
				"${PODS_PODFILE_DIR_PATH}/Podfile.lock",
				"${PODS_ROOT}/Manifest.lock",
			);
			name = "[CP] Check Pods Manifest.lock";
			outputFileListPaths = (
			);
			outputPaths = (
				"$(DERIVED_FILE_DIR)/Pods-MovieReview-checkManifestLockResult.txt",
			);
			runOnlyForDeploymentPostprocessing = 0;
			shellPath = /bin/sh;
			shellScript = "diff \"${PODS_PODFILE_DIR_PATH}/Podfile.lock\" \"${PODS_ROOT}/Manifest.lock\" > /dev/null\nif [ $? != 0 ] ; then\n    # print error to STDERR\n    echo \"error: The sandbox is not in sync with the Podfile.lock. Run 'pod install' or update your CocoaPods installation.\" >&2\n    exit 1\nfi\n# This output is used by Xcode 'outputs' to avoid re-running this script phase.\necho \"SUCCESS\" > \"${SCRIPT_OUTPUT_FILE_0}\"\n";
			showEnvVarsInLog = 0;
		};
		F1CEC5EB637E1C8A8ECA0F0C /* [CP] Embed Pods Frameworks */ = {
			isa = PBXShellScriptBuildPhase;
			buildActionMask = 2147483647;
			files = (
			);
			inputFileListPaths = (
				"${PODS_ROOT}/Target Support Files/Pods-MovieReview-MovieReviewUITests/Pods-MovieReview-MovieReviewUITests-frameworks-${CONFIGURATION}-input-files.xcfilelist",
			);
			name = "[CP] Embed Pods Frameworks";
			outputFileListPaths = (
				"${PODS_ROOT}/Target Support Files/Pods-MovieReview-MovieReviewUITests/Pods-MovieReview-MovieReviewUITests-frameworks-${CONFIGURATION}-output-files.xcfilelist",
			);
			runOnlyForDeploymentPostprocessing = 0;
			shellPath = /bin/sh;
			shellScript = "\"${PODS_ROOT}/Target Support Files/Pods-MovieReview-MovieReviewUITests/Pods-MovieReview-MovieReviewUITests-frameworks.sh\"\n";
			showEnvVarsInLog = 0;
		};
/* End PBXShellScriptBuildPhase section */

/* Begin PBXSourcesBuildPhase section */
		6A57CC19279A4EB500593ADB /* Sources */ = {
			isa = PBXSourcesBuildPhase;
			buildActionMask = 2147483647;
			files = (
				6A57CC5D279A591A00593ADB /* MovieListViewController.swift in Sources */,
				6A57CC59279A56AC00593ADB /* Movie.swift in Sources */,
				6A57CC21279A4EB600593ADB /* AppDelegate.swift in Sources */,
				6A57CC23279A4EB600593ADB /* SceneDelegate.swift in Sources */,
				081357A027A6C16B0060748E /* UserDefaults.swift in Sources */,
				08FCBF3927A12A75009BF770 /* MovieListCollectionViewCell.swift in Sources */,
				6A57CC54279A552800593ADB /* MovieSearchRequestModel.swift in Sources */,
				08FCBF4127A145CC009BF770 /* MovieContentsStackView.swift in Sources */,
				08FCBF3C27A13F79009BF770 /* MovieDetailViewController.swift in Sources */,
				08FCBF3E27A13F87009BF770 /* MovieDetailPresenter.swift in Sources */,
				6A57CC5B279A56C800593ADB /* MovieSearchManager.swift in Sources */,
				6A57CC56279A555300593ADB /* MovieSearchResponseModel.swift in Sources */,
				6A57CC63279AAC0300593ADB /* MovieListPresenter.swift in Sources */,
			);
			runOnlyForDeploymentPostprocessing = 0;
		};
		6A57CC2F279A4EB700593ADB /* Sources */ = {
			isa = PBXSourcesBuildPhase;
			buildActionMask = 2147483647;
			files = (
				081357A627AA86640060748E /* MockMovieSearchManager.swift in Sources */,
				081357A427AA83FB0060748E /* MovieListPresenterTest.swift in Sources */,
				081357B027AA8D2A0060748E /* MockMovieDetailViewController.swift in Sources */,
				081357AA27AA86BA0060748E /* MockUserDefaultsManager.swift in Sources */,
				081357AC27AA86CF0060748E /* MockMovieListViewController.swift in Sources */,
				081357AE27AA8C790060748E /* MovieDetailPresenterTest.swift in Sources */,
			);
			runOnlyForDeploymentPostprocessing = 0;
		};
		6A57CC39279A4EB700593ADB /* Sources */ = {
			isa = PBXSourcesBuildPhase;
			buildActionMask = 2147483647;
			files = (
				6A57CC42279A4EB700593ADB /* MovieReviewUITests.swift in Sources */,
				6A57CC44279A4EB700593ADB /* MovieReviewUITestsLaunchTests.swift in Sources */,
			);
			runOnlyForDeploymentPostprocessing = 0;
		};
/* End PBXSourcesBuildPhase section */

/* Begin PBXTargetDependency section */
		6A57CC35279A4EB700593ADB /* PBXTargetDependency */ = {
			isa = PBXTargetDependency;
			target = 6A57CC1C279A4EB500593ADB /* MovieReview */;
			targetProxy = 6A57CC34279A4EB700593ADB /* PBXContainerItemProxy */;
		};
		6A57CC3F279A4EB700593ADB /* PBXTargetDependency */ = {
			isa = PBXTargetDependency;
			target = 6A57CC1C279A4EB500593ADB /* MovieReview */;
			targetProxy = 6A57CC3E279A4EB700593ADB /* PBXContainerItemProxy */;
		};
/* End PBXTargetDependency section */

/* Begin PBXVariantGroup section */
		6A57CC2B279A4EB700593ADB /* LaunchScreen.storyboard */ = {
			isa = PBXVariantGroup;
			children = (
				6A57CC2C279A4EB700593ADB /* Base */,
			);
			name = LaunchScreen.storyboard;
			sourceTree = "<group>";
		};
/* End PBXVariantGroup section */

/* Begin XCBuildConfiguration section */
		6A57CC45279A4EB700593ADB /* Debug */ = {
			isa = XCBuildConfiguration;
			buildSettings = {
				ALWAYS_SEARCH_USER_PATHS = NO;
				CLANG_ANALYZER_NONNULL = YES;
				CLANG_ANALYZER_NUMBER_OBJECT_CONVERSION = YES_AGGRESSIVE;
				CLANG_CXX_LANGUAGE_STANDARD = "gnu++17";
				CLANG_CXX_LIBRARY = "libc++";
				CLANG_ENABLE_MODULES = YES;
				CLANG_ENABLE_OBJC_ARC = YES;
				CLANG_ENABLE_OBJC_WEAK = YES;
				CLANG_WARN_BLOCK_CAPTURE_AUTORELEASING = YES;
				CLANG_WARN_BOOL_CONVERSION = YES;
				CLANG_WARN_COMMA = YES;
				CLANG_WARN_CONSTANT_CONVERSION = YES;
				CLANG_WARN_DEPRECATED_OBJC_IMPLEMENTATIONS = YES;
				CLANG_WARN_DIRECT_OBJC_ISA_USAGE = YES_ERROR;
				CLANG_WARN_DOCUMENTATION_COMMENTS = YES;
				CLANG_WARN_EMPTY_BODY = YES;
				CLANG_WARN_ENUM_CONVERSION = YES;
				CLANG_WARN_INFINITE_RECURSION = YES;
				CLANG_WARN_INT_CONVERSION = YES;
				CLANG_WARN_NON_LITERAL_NULL_CONVERSION = YES;
				CLANG_WARN_OBJC_IMPLICIT_RETAIN_SELF = YES;
				CLANG_WARN_OBJC_LITERAL_CONVERSION = YES;
				CLANG_WARN_OBJC_ROOT_CLASS = YES_ERROR;
				CLANG_WARN_QUOTED_INCLUDE_IN_FRAMEWORK_HEADER = YES;
				CLANG_WARN_RANGE_LOOP_ANALYSIS = YES;
				CLANG_WARN_STRICT_PROTOTYPES = YES;
				CLANG_WARN_SUSPICIOUS_MOVE = YES;
				CLANG_WARN_UNGUARDED_AVAILABILITY = YES_AGGRESSIVE;
				CLANG_WARN_UNREACHABLE_CODE = YES;
				CLANG_WARN__DUPLICATE_METHOD_MATCH = YES;
				COPY_PHASE_STRIP = NO;
				DEBUG_INFORMATION_FORMAT = dwarf;
				ENABLE_STRICT_OBJC_MSGSEND = YES;
				ENABLE_TESTABILITY = YES;
				GCC_C_LANGUAGE_STANDARD = gnu11;
				GCC_DYNAMIC_NO_PIC = NO;
				GCC_NO_COMMON_BLOCKS = YES;
				GCC_OPTIMIZATION_LEVEL = 0;
				GCC_PREPROCESSOR_DEFINITIONS = (
					"DEBUG=1",
					"$(inherited)",
				);
				GCC_WARN_64_TO_32_BIT_CONVERSION = YES;
				GCC_WARN_ABOUT_RETURN_TYPE = YES_ERROR;
				GCC_WARN_UNDECLARED_SELECTOR = YES;
				GCC_WARN_UNINITIALIZED_AUTOS = YES_AGGRESSIVE;
				GCC_WARN_UNUSED_FUNCTION = YES;
				GCC_WARN_UNUSED_VARIABLE = YES;
				IPHONEOS_DEPLOYMENT_TARGET = 15.2;
				MTL_ENABLE_DEBUG_INFO = INCLUDE_SOURCE;
				MTL_FAST_MATH = YES;
				ONLY_ACTIVE_ARCH = YES;
				SDKROOT = iphoneos;
				SWIFT_ACTIVE_COMPILATION_CONDITIONS = DEBUG;
				SWIFT_OPTIMIZATION_LEVEL = "-Onone";
			};
			name = Debug;
		};
		6A57CC46279A4EB700593ADB /* Release */ = {
			isa = XCBuildConfiguration;
			buildSettings = {
				ALWAYS_SEARCH_USER_PATHS = NO;
				CLANG_ANALYZER_NONNULL = YES;
				CLANG_ANALYZER_NUMBER_OBJECT_CONVERSION = YES_AGGRESSIVE;
				CLANG_CXX_LANGUAGE_STANDARD = "gnu++17";
				CLANG_CXX_LIBRARY = "libc++";
				CLANG_ENABLE_MODULES = YES;
				CLANG_ENABLE_OBJC_ARC = YES;
				CLANG_ENABLE_OBJC_WEAK = YES;
				CLANG_WARN_BLOCK_CAPTURE_AUTORELEASING = YES;
				CLANG_WARN_BOOL_CONVERSION = YES;
				CLANG_WARN_COMMA = YES;
				CLANG_WARN_CONSTANT_CONVERSION = YES;
				CLANG_WARN_DEPRECATED_OBJC_IMPLEMENTATIONS = YES;
				CLANG_WARN_DIRECT_OBJC_ISA_USAGE = YES_ERROR;
				CLANG_WARN_DOCUMENTATION_COMMENTS = YES;
				CLANG_WARN_EMPTY_BODY = YES;
				CLANG_WARN_ENUM_CONVERSION = YES;
				CLANG_WARN_INFINITE_RECURSION = YES;
				CLANG_WARN_INT_CONVERSION = YES;
				CLANG_WARN_NON_LITERAL_NULL_CONVERSION = YES;
				CLANG_WARN_OBJC_IMPLICIT_RETAIN_SELF = YES;
				CLANG_WARN_OBJC_LITERAL_CONVERSION = YES;
				CLANG_WARN_OBJC_ROOT_CLASS = YES_ERROR;
				CLANG_WARN_QUOTED_INCLUDE_IN_FRAMEWORK_HEADER = YES;
				CLANG_WARN_RANGE_LOOP_ANALYSIS = YES;
				CLANG_WARN_STRICT_PROTOTYPES = YES;
				CLANG_WARN_SUSPICIOUS_MOVE = YES;
				CLANG_WARN_UNGUARDED_AVAILABILITY = YES_AGGRESSIVE;
				CLANG_WARN_UNREACHABLE_CODE = YES;
				CLANG_WARN__DUPLICATE_METHOD_MATCH = YES;
				COPY_PHASE_STRIP = NO;
				DEBUG_INFORMATION_FORMAT = "dwarf-with-dsym";
				ENABLE_NS_ASSERTIONS = NO;
				ENABLE_STRICT_OBJC_MSGSEND = YES;
				GCC_C_LANGUAGE_STANDARD = gnu11;
				GCC_NO_COMMON_BLOCKS = YES;
				GCC_WARN_64_TO_32_BIT_CONVERSION = YES;
				GCC_WARN_ABOUT_RETURN_TYPE = YES_ERROR;
				GCC_WARN_UNDECLARED_SELECTOR = YES;
				GCC_WARN_UNINITIALIZED_AUTOS = YES_AGGRESSIVE;
				GCC_WARN_UNUSED_FUNCTION = YES;
				GCC_WARN_UNUSED_VARIABLE = YES;
				IPHONEOS_DEPLOYMENT_TARGET = 15.2;
				MTL_ENABLE_DEBUG_INFO = NO;
				MTL_FAST_MATH = YES;
				SDKROOT = iphoneos;
				SWIFT_COMPILATION_MODE = wholemodule;
				SWIFT_OPTIMIZATION_LEVEL = "-O";
				VALIDATE_PRODUCT = YES;
			};
			name = Release;
		};
		6A57CC48279A4EB700593ADB /* Debug */ = {
			isa = XCBuildConfiguration;
			baseConfigurationReference = 4AB3B5553049AE63CB987164 /* Pods-MovieReview.debug.xcconfig */;
			buildSettings = {
				ASSETCATALOG_COMPILER_APPICON_NAME = AppIcon;
				ASSETCATALOG_COMPILER_GLOBAL_ACCENT_COLOR_NAME = AccentColor;
				CODE_SIGN_STYLE = Automatic;
				CURRENT_PROJECT_VERSION = 1;
				DEVELOPMENT_TEAM = U59PP2KXJ5;
				GENERATE_INFOPLIST_FILE = YES;
				INFOPLIST_FILE = MovieReview/Info.plist;
				INFOPLIST_KEY_UIApplicationSupportsIndirectInputEvents = YES;
				INFOPLIST_KEY_UILaunchStoryboardName = LaunchScreen;
				INFOPLIST_KEY_UISupportedInterfaceOrientations_iPad = "UIInterfaceOrientationPortrait UIInterfaceOrientationPortraitUpsideDown UIInterfaceOrientationLandscapeLeft UIInterfaceOrientationLandscapeRight";
				INFOPLIST_KEY_UISupportedInterfaceOrientations_iPhone = "UIInterfaceOrientationPortrait UIInterfaceOrientationLandscapeLeft UIInterfaceOrientationLandscapeRight";
				IPHONEOS_DEPLOYMENT_TARGET = 15.0;
				LD_RUNPATH_SEARCH_PATHS = (
					"$(inherited)",
					"@executable_path/Frameworks",
				);
				MARKETING_VERSION = 1.0;
				PRODUCT_BUNDLE_IDENTIFIER = com.thoonk.MovieReview;
				PRODUCT_NAME = "$(TARGET_NAME)";
				SWIFT_EMIT_LOC_STRINGS = YES;
				SWIFT_VERSION = 5.0;
				TARGETED_DEVICE_FAMILY = 1;
			};
			name = Debug;
		};
		6A57CC49279A4EB700593ADB /* Release */ = {
			isa = XCBuildConfiguration;
			baseConfigurationReference = 5871686291A139F054BCE9D1 /* Pods-MovieReview.release.xcconfig */;
			buildSettings = {
				ASSETCATALOG_COMPILER_APPICON_NAME = AppIcon;
				ASSETCATALOG_COMPILER_GLOBAL_ACCENT_COLOR_NAME = AccentColor;
				CODE_SIGN_STYLE = Automatic;
				CURRENT_PROJECT_VERSION = 1;
				DEVELOPMENT_TEAM = U59PP2KXJ5;
				GENERATE_INFOPLIST_FILE = YES;
				INFOPLIST_FILE = MovieReview/Info.plist;
				INFOPLIST_KEY_UIApplicationSupportsIndirectInputEvents = YES;
				INFOPLIST_KEY_UILaunchStoryboardName = LaunchScreen;
				INFOPLIST_KEY_UISupportedInterfaceOrientations_iPad = "UIInterfaceOrientationPortrait UIInterfaceOrientationPortraitUpsideDown UIInterfaceOrientationLandscapeLeft UIInterfaceOrientationLandscapeRight";
				INFOPLIST_KEY_UISupportedInterfaceOrientations_iPhone = "UIInterfaceOrientationPortrait UIInterfaceOrientationLandscapeLeft UIInterfaceOrientationLandscapeRight";
				IPHONEOS_DEPLOYMENT_TARGET = 15.0;
				LD_RUNPATH_SEARCH_PATHS = (
					"$(inherited)",
					"@executable_path/Frameworks",
				);
				MARKETING_VERSION = 1.0;
				PRODUCT_BUNDLE_IDENTIFIER = com.thoonk.MovieReview;
				PRODUCT_NAME = "$(TARGET_NAME)";
				SWIFT_EMIT_LOC_STRINGS = YES;
				SWIFT_VERSION = 5.0;
				TARGETED_DEVICE_FAMILY = 1;
			};
			name = Release;
		};
		6A57CC4B279A4EB700593ADB /* Debug */ = {
			isa = XCBuildConfiguration;
			baseConfigurationReference = BF1227392C95963887A285F7 /* Pods-MovieReviewTests.debug.xcconfig */;
			buildSettings = {
				ALWAYS_EMBED_SWIFT_STANDARD_LIBRARIES = YES;
				BUNDLE_LOADER = "$(TEST_HOST)";
				CLANG_ENABLE_MODULES = YES;
				CODE_SIGN_STYLE = Automatic;
				CURRENT_PROJECT_VERSION = 1;
				DEVELOPMENT_TEAM = U59PP2KXJ5;
				GENERATE_INFOPLIST_FILE = YES;
				IPHONEOS_DEPLOYMENT_TARGET = 15.2;
				LD_RUNPATH_SEARCH_PATHS = (
					"$(inherited)",
					"@executable_path/Frameworks",
					"@loader_path/Frameworks",
				);
				MARKETING_VERSION = 1.0;
				PRODUCT_BUNDLE_IDENTIFIER = com.thoonk.MovieReviewTests;
				PRODUCT_NAME = "$(TARGET_NAME)";
				SWIFT_EMIT_LOC_STRINGS = NO;
				SWIFT_OPTIMIZATION_LEVEL = "-Onone";
				SWIFT_VERSION = 5.0;
				TARGETED_DEVICE_FAMILY = "1,2";
				TEST_HOST = "$(BUILT_PRODUCTS_DIR)/MovieReview.app/MovieReview";
			};
			name = Debug;
		};
		6A57CC4C279A4EB700593ADB /* Release */ = {
			isa = XCBuildConfiguration;
			baseConfigurationReference = B82B09F20A7F004D8B53C65E /* Pods-MovieReviewTests.release.xcconfig */;
			buildSettings = {
				ALWAYS_EMBED_SWIFT_STANDARD_LIBRARIES = YES;
				BUNDLE_LOADER = "$(TEST_HOST)";
				CLANG_ENABLE_MODULES = YES;
				CODE_SIGN_STYLE = Automatic;
				CURRENT_PROJECT_VERSION = 1;
				DEVELOPMENT_TEAM = U59PP2KXJ5;
				GENERATE_INFOPLIST_FILE = YES;
				IPHONEOS_DEPLOYMENT_TARGET = 15.2;
				LD_RUNPATH_SEARCH_PATHS = (
					"$(inherited)",
					"@executable_path/Frameworks",
					"@loader_path/Frameworks",
				);
				MARKETING_VERSION = 1.0;
				PRODUCT_BUNDLE_IDENTIFIER = com.thoonk.MovieReviewTests;
				PRODUCT_NAME = "$(TARGET_NAME)";
				SWIFT_EMIT_LOC_STRINGS = NO;
				SWIFT_VERSION = 5.0;
				TARGETED_DEVICE_FAMILY = "1,2";
				TEST_HOST = "$(BUILT_PRODUCTS_DIR)/MovieReview.app/MovieReview";
			};
			name = Release;
		};
		6A57CC4E279A4EB700593ADB /* Debug */ = {
			isa = XCBuildConfiguration;
			baseConfigurationReference = 42C11D2A60C62BC495FA1C0F /* Pods-MovieReview-MovieReviewUITests.debug.xcconfig */;
			buildSettings = {
				ALWAYS_EMBED_SWIFT_STANDARD_LIBRARIES = YES;
				CODE_SIGN_STYLE = Automatic;
				CURRENT_PROJECT_VERSION = 1;
				DEVELOPMENT_TEAM = U59PP2KXJ5;
				GENERATE_INFOPLIST_FILE = YES;
				MARKETING_VERSION = 1.0;
				PRODUCT_BUNDLE_IDENTIFIER = com.thoonk.MovieReviewUITests;
				PRODUCT_NAME = "$(TARGET_NAME)";
				SWIFT_EMIT_LOC_STRINGS = NO;
				SWIFT_VERSION = 5.0;
				TARGETED_DEVICE_FAMILY = "1,2";
				TEST_TARGET_NAME = MovieReview;
			};
			name = Debug;
		};
		6A57CC4F279A4EB700593ADB /* Release */ = {
			isa = XCBuildConfiguration;
			baseConfigurationReference = 6E7C45CF0FD2BCC9E7D520E7 /* Pods-MovieReview-MovieReviewUITests.release.xcconfig */;
			buildSettings = {
				ALWAYS_EMBED_SWIFT_STANDARD_LIBRARIES = YES;
				CODE_SIGN_STYLE = Automatic;
				CURRENT_PROJECT_VERSION = 1;
				DEVELOPMENT_TEAM = U59PP2KXJ5;
				GENERATE_INFOPLIST_FILE = YES;
				MARKETING_VERSION = 1.0;
				PRODUCT_BUNDLE_IDENTIFIER = com.thoonk.MovieReviewUITests;
				PRODUCT_NAME = "$(TARGET_NAME)";
				SWIFT_EMIT_LOC_STRINGS = NO;
				SWIFT_VERSION = 5.0;
				TARGETED_DEVICE_FAMILY = "1,2";
				TEST_TARGET_NAME = MovieReview;
			};
			name = Release;
		};
/* End XCBuildConfiguration section */

/* Begin XCConfigurationList section */
		6A57CC18279A4EB500593ADB /* Build configuration list for PBXProject "MovieReview" */ = {
			isa = XCConfigurationList;
			buildConfigurations = (
				6A57CC45279A4EB700593ADB /* Debug */,
				6A57CC46279A4EB700593ADB /* Release */,
			);
			defaultConfigurationIsVisible = 0;
			defaultConfigurationName = Release;
		};
		6A57CC47279A4EB700593ADB /* Build configuration list for PBXNativeTarget "MovieReview" */ = {
			isa = XCConfigurationList;
			buildConfigurations = (
				6A57CC48279A4EB700593ADB /* Debug */,
				6A57CC49279A4EB700593ADB /* Release */,
			);
			defaultConfigurationIsVisible = 0;
			defaultConfigurationName = Release;
		};
		6A57CC4A279A4EB700593ADB /* Build configuration list for PBXNativeTarget "MovieReviewTests" */ = {
			isa = XCConfigurationList;
			buildConfigurations = (
				6A57CC4B279A4EB700593ADB /* Debug */,
				6A57CC4C279A4EB700593ADB /* Release */,
			);
			defaultConfigurationIsVisible = 0;
			defaultConfigurationName = Release;
		};
		6A57CC4D279A4EB700593ADB /* Build configuration list for PBXNativeTarget "MovieReviewUITests" */ = {
			isa = XCConfigurationList;
			buildConfigurations = (
				6A57CC4E279A4EB700593ADB /* Debug */,
				6A57CC4F279A4EB700593ADB /* Release */,
			);
			defaultConfigurationIsVisible = 0;
			defaultConfigurationName = Release;
		};
/* End XCConfigurationList section */
	};
	rootObject = 6A57CC15279A4EB500593ADB /* Project object */;
}
