// !$*UTF8*$!
{
	archiveVersion = 1;
	classes = {
	};
	objectVersion = 51;
	objects = {

/* Begin PBXBuildFile section */
		08DADE5425CA936F0057228D /* AppDelegate.swift in Sources */ = {isa = PBXBuildFile; fileRef = 08DADE5325CA936F0057228D /* AppDelegate.swift */; };
		08DADE5625CA936F0057228D /* SceneDelegate.swift in Sources */ = {isa = PBXBuildFile; fileRef = 08DADE5525CA936F0057228D /* SceneDelegate.swift */; };
		08DADE5825CA936F0057228D /* ViewController.swift in Sources */ = {isa = PBXBuildFile; fileRef = 08DADE5725CA936F0057228D /* ViewController.swift */; };
		08DADE5B25CA936F0057228D /* Main.storyboard in Resources */ = {isa = PBXBuildFile; fileRef = 08DADE5925CA936F0057228D /* Main.storyboard */; };
		08DADE5D25CA93700057228D /* Assets.xcassets in Resources */ = {isa = PBXBuildFile; fileRef = 08DADE5C25CA93700057228D /* Assets.xcassets */; };
		08DADE6025CA93700057228D /* LaunchScreen.storyboard in Resources */ = {isa = PBXBuildFile; fileRef = 08DADE5E25CA93700057228D /* LaunchScreen.storyboard */; };
		70EAE7DA7FAF0B81ACB9811B /* Pods_KakaoLoginTest.framework in Frameworks */ = {isa = PBXBuildFile; fileRef = 9FE887B19B395141F57D40E7 /* Pods_KakaoLoginTest.framework */; };
/* End PBXBuildFile section */

/* Begin PBXFileReference section */
		00BB873C284F28173D8BF6C4 /* Pods-KakaoLoginTest.debug.xcconfig */ = {isa = PBXFileReference; includeInIndex = 1; lastKnownFileType = text.xcconfig; name = "Pods-KakaoLoginTest.debug.xcconfig"; path = "Target Support Files/Pods-KakaoLoginTest/Pods-KakaoLoginTest.debug.xcconfig"; sourceTree = "<group>"; };
		08DADE5025CA936F0057228D /* KakaoLoginTest.app */ = {isa = PBXFileReference; explicitFileType = wrapper.application; includeInIndex = 0; path = KakaoLoginTest.app; sourceTree = BUILT_PRODUCTS_DIR; };
		08DADE5325CA936F0057228D /* AppDelegate.swift */ = {isa = PBXFileReference; lastKnownFileType = sourcecode.swift; path = AppDelegate.swift; sourceTree = "<group>"; };
		08DADE5525CA936F0057228D /* SceneDelegate.swift */ = {isa = PBXFileReference; lastKnownFileType = sourcecode.swift; path = SceneDelegate.swift; sourceTree = "<group>"; };
		08DADE5725CA936F0057228D /* ViewController.swift */ = {isa = PBXFileReference; lastKnownFileType = sourcecode.swift; path = ViewController.swift; sourceTree = "<group>"; };
		08DADE5A25CA936F0057228D /* Base */ = {isa = PBXFileReference; lastKnownFileType = file.storyboard; name = Base; path = Base.lproj/Main.storyboard; sourceTree = "<group>"; };
		08DADE5C25CA93700057228D /* Assets.xcassets */ = {isa = PBXFileReference; lastKnownFileType = folder.assetcatalog; path = Assets.xcassets; sourceTree = "<group>"; };
		08DADE5F25CA93700057228D /* Base */ = {isa = PBXFileReference; lastKnownFileType = file.storyboard; name = Base; path = Base.lproj/LaunchScreen.storyboard; sourceTree = "<group>"; };
		08DADE6125CA93700057228D /* Info.plist */ = {isa = PBXFileReference; lastKnownFileType = text.plist.xml; path = Info.plist; sourceTree = "<group>"; };
		9FE887B19B395141F57D40E7 /* Pods_KakaoLoginTest.framework */ = {isa = PBXFileReference; explicitFileType = wrapper.framework; includeInIndex = 0; path = Pods_KakaoLoginTest.framework; sourceTree = BUILT_PRODUCTS_DIR; };
		A842705375E8360F5E72C88E /* Pods-KakaoLoginTest.release.xcconfig */ = {isa = PBXFileReference; includeInIndex = 1; lastKnownFileType = text.xcconfig; name = "Pods-KakaoLoginTest.release.xcconfig"; path = "Target Support Files/Pods-KakaoLoginTest/Pods-KakaoLoginTest.release.xcconfig"; sourceTree = "<group>"; };
/* End PBXFileReference section */

/* Begin PBXFrameworksBuildPhase section */
		08DADE4D25CA936F0057228D /* Frameworks */ = {
			isa = PBXFrameworksBuildPhase;
			buildActionMask = 2147483647;
			files = (
				70EAE7DA7FAF0B81ACB9811B /* Pods_KakaoLoginTest.framework in Frameworks */,
			);
			runOnlyForDeploymentPostprocessing = 0;
		};
/* End PBXFrameworksBuildPhase section */

/* Begin PBXGroup section */
		08DADE4725CA936F0057228D = {
			isa = PBXGroup;
			children = (
				08DADE5225CA936F0057228D /* KakaoLoginTest */,
				08DADE5125CA936F0057228D /* Products */,
				E6E8CECBF0F2887F1EB778DE /* Pods */,
				E7FA9C2324591B4E83A5D818 /* Frameworks */,
			);
			sourceTree = "<group>";
		};
		08DADE5125CA936F0057228D /* Products */ = {
			isa = PBXGroup;
			children = (
				08DADE5025CA936F0057228D /* KakaoLoginTest.app */,
			);
			name = Products;
			sourceTree = "<group>";
		};
		08DADE5225CA936F0057228D /* KakaoLoginTest */ = {
			isa = PBXGroup;
			children = (
				08DADE5325CA936F0057228D /* AppDelegate.swift */,
				08DADE5525CA936F0057228D /* SceneDelegate.swift */,
				08DADE5725CA936F0057228D /* ViewController.swift */,
				08DADE5925CA936F0057228D /* Main.storyboard */,
				08DADE5C25CA93700057228D /* Assets.xcassets */,
				08DADE5E25CA93700057228D /* LaunchScreen.storyboard */,
				08DADE6125CA93700057228D /* Info.plist */,
			);
			path = KakaoLoginTest;
			sourceTree = "<group>";
		};
		E6E8CECBF0F2887F1EB778DE /* Pods */ = {
			isa = PBXGroup;
			children = (
				00BB873C284F28173D8BF6C4 /* Pods-KakaoLoginTest.debug.xcconfig */,
				A842705375E8360F5E72C88E /* Pods-KakaoLoginTest.release.xcconfig */,
			);
			path = Pods;
			sourceTree = "<group>";
		};
		E7FA9C2324591B4E83A5D818 /* Frameworks */ = {
			isa = PBXGroup;
			children = (
				9FE887B19B395141F57D40E7 /* Pods_KakaoLoginTest.framework */,
			);
			name = Frameworks;
			sourceTree = "<group>";
		};
/* End PBXGroup section */

/* Begin PBXNativeTarget section */
		08DADE4F25CA936F0057228D /* KakaoLoginTest */ = {
			isa = PBXNativeTarget;
			buildConfigurationList = 08DADE6425CA93700057228D /* Build configuration list for PBXNativeTarget "KakaoLoginTest" */;
			buildPhases = (
				C150043732C81C3B32AD30DD /* [CP] Check Pods Manifest.lock */,
				08DADE4C25CA936F0057228D /* Sources */,
				08DADE4D25CA936F0057228D /* Frameworks */,
				08DADE4E25CA936F0057228D /* Resources */,
				20606FC3378B7974449DA91B /* [CP] Embed Pods Frameworks */,
			);
			buildRules = (
			);
			dependencies = (
			);
			name = KakaoLoginTest;
			productName = KakaoLoginTest;
			productReference = 08DADE5025CA936F0057228D /* KakaoLoginTest.app */;
			productType = "com.apple.product-type.application";
		};
/* End PBXNativeTarget section */

/* Begin PBXProject section */
		08DADE4825CA936F0057228D /* Project object */ = {
			isa = PBXProject;
			attributes = {
				LastSwiftUpdateCheck = 1240;
				LastUpgradeCheck = 1240;
				TargetAttributes = {
					08DADE4F25CA936F0057228D = {
						CreatedOnToolsVersion = 12.4;
					};
				};
			};
			buildConfigurationList = 08DADE4B25CA936F0057228D /* Build configuration list for PBXProject "KakaoLoginTest" */;
			compatibilityVersion = "Xcode 9.3";
			developmentRegion = en;
			hasScannedForEncodings = 0;
			knownRegions = (
				en,
				Base,
			);
			mainGroup = 08DADE4725CA936F0057228D;
			productRefGroup = 08DADE5125CA936F0057228D /* Products */;
			projectDirPath = "";
			projectRoot = "";
			targets = (
				08DADE4F25CA936F0057228D /* KakaoLoginTest */,
			);
		};
/* End PBXProject section */

/* Begin PBXResourcesBuildPhase section */
		08DADE4E25CA936F0057228D /* Resources */ = {
			isa = PBXResourcesBuildPhase;
			buildActionMask = 2147483647;
			files = (
				08DADE6025CA93700057228D /* LaunchScreen.storyboard in Resources */,
				08DADE5D25CA93700057228D /* Assets.xcassets in Resources */,
				08DADE5B25CA936F0057228D /* Main.storyboard in Resources */,
			);
			runOnlyForDeploymentPostprocessing = 0;
		};
/* End PBXResourcesBuildPhase section */

/* Begin PBXShellScriptBuildPhase section */
		20606FC3378B7974449DA91B /* [CP] Embed Pods Frameworks */ = {
			isa = PBXShellScriptBuildPhase;
			buildActionMask = 2147483647;
			files = (
			);
			inputFileListPaths = (
				"${PODS_ROOT}/Target Support Files/Pods-KakaoLoginTest/Pods-KakaoLoginTest-frameworks-${CONFIGURATION}-input-files.xcfilelist",
			);
			name = "[CP] Embed Pods Frameworks";
			outputFileListPaths = (
				"${PODS_ROOT}/Target Support Files/Pods-KakaoLoginTest/Pods-KakaoLoginTest-frameworks-${CONFIGURATION}-output-files.xcfilelist",
			);
			runOnlyForDeploymentPostprocessing = 0;
			shellPath = /bin/sh;
			shellScript = "\"${PODS_ROOT}/Target Support Files/Pods-KakaoLoginTest/Pods-KakaoLoginTest-frameworks.sh\"\n";
			showEnvVarsInLog = 0;
		};
		C150043732C81C3B32AD30DD /* [CP] Check Pods Manifest.lock */ = {
			isa = PBXShellScriptBuildPhase;
			buildActionMask = 2147483647;
			files = (
			);
			inputFileListPaths = (
			);
			inputPaths = (
				"${PODS_PODFILE_DIR_PATH}/Podfile.lock",
				"${PODS_ROOT}/Manifest.lock",
			);
			name = "[CP] Check Pods Manifest.lock";
			outputFileListPaths = (
			);
			outputPaths = (
				"$(DERIVED_FILE_DIR)/Pods-KakaoLoginTest-checkManifestLockResult.txt",
			);
			runOnlyForDeploymentPostprocessing = 0;
			shellPath = /bin/sh;
			shellScript = "diff \"${PODS_PODFILE_DIR_PATH}/Podfile.lock\" \"${PODS_ROOT}/Manifest.lock\" > /dev/null\nif [ $? != 0 ] ; then\n    # print error to STDERR\n    echo \"error: The sandbox is not in sync with the Podfile.lock. Run 'pod install' or update your CocoaPods installation.\" >&2\n    exit 1\nfi\n# This output is used by Xcode 'outputs' to avoid re-running this script phase.\necho \"SUCCESS\" > \"${SCRIPT_OUTPUT_FILE_0}\"\n";
			showEnvVarsInLog = 0;
		};
/* End PBXShellScriptBuildPhase section */

/* Begin PBXSourcesBuildPhase section */
		08DADE4C25CA936F0057228D /* Sources */ = {
			isa = PBXSourcesBuildPhase;
			buildActionMask = 2147483647;
			files = (
				08DADE5825CA936F0057228D /* ViewController.swift in Sources */,
				08DADE5425CA936F0057228D /* AppDelegate.swift in Sources */,
				08DADE5625CA936F0057228D /* SceneDelegate.swift in Sources */,
			);
			runOnlyForDeploymentPostprocessing = 0;
		};
/* End PBXSourcesBuildPhase section */

/* Begin PBXVariantGroup section */
		08DADE5925CA936F0057228D /* Main.storyboard */ = {
			isa = PBXVariantGroup;
			children = (
				08DADE5A25CA936F0057228D /* Base */,
			);
			name = Main.storyboard;
			sourceTree = "<group>";
		};
		08DADE5E25CA93700057228D /* LaunchScreen.storyboard */ = {
			isa = PBXVariantGroup;
			children = (
				08DADE5F25CA93700057228D /* Base */,
			);
			name = LaunchScreen.storyboard;
			sourceTree = "<group>";
		};
/* End PBXVariantGroup section */

/* Begin XCBuildConfiguration section */
		08DADE6225CA93700057228D /* Debug */ = {
			isa = XCBuildConfiguration;
			buildSettings = {
				ALWAYS_SEARCH_USER_PATHS = NO;
				CLANG_ANALYZER_NONNULL = YES;
				CLANG_ANALYZER_NUMBER_OBJECT_CONVERSION = YES_AGGRESSIVE;
				CLANG_CXX_LANGUAGE_STANDARD = "gnu++14";
				CLANG_CXX_LIBRARY = "libc++";
				CLANG_ENABLE_MODULES = YES;
				CLANG_ENABLE_OBJC_ARC = YES;
				CLANG_ENABLE_OBJC_WEAK = YES;
				CLANG_WARN_BLOCK_CAPTURE_AUTORELEASING = YES;
				CLANG_WARN_BOOL_CONVERSION = YES;
				CLANG_WARN_COMMA = YES;
				CLANG_WARN_CONSTANT_CONVERSION = YES;
				CLANG_WARN_DEPRECATED_OBJC_IMPLEMENTATIONS = YES;
				CLANG_WARN_DIRECT_OBJC_ISA_USAGE = YES_ERROR;
				CLANG_WARN_DOCUMENTATION_COMMENTS = YES;
				CLANG_WARN_EMPTY_BODY = YES;
				CLANG_WARN_ENUM_CONVERSION = YES;
				CLANG_WARN_INFINITE_RECURSION = YES;
				CLANG_WARN_INT_CONVERSION = YES;
				CLANG_WARN_NON_LITERAL_NULL_CONVERSION = YES;
				CLANG_WARN_OBJC_IMPLICIT_RETAIN_SELF = YES;
				CLANG_WARN_OBJC_LITERAL_CONVERSION = YES;
				CLANG_WARN_OBJC_ROOT_CLASS = YES_ERROR;
				CLANG_WARN_QUOTED_INCLUDE_IN_FRAMEWORK_HEADER = YES;
				CLANG_WARN_RANGE_LOOP_ANALYSIS = YES;
				CLANG_WARN_STRICT_PROTOTYPES = YES;
				CLANG_WARN_SUSPICIOUS_MOVE = YES;
				CLANG_WARN_UNGUARDED_AVAILABILITY = YES_AGGRESSIVE;
				CLANG_WARN_UNREACHABLE_CODE = YES;
				CLANG_WARN__DUPLICATE_METHOD_MATCH = YES;
				COPY_PHASE_STRIP = NO;
				DEBUG_INFORMATION_FORMAT = dwarf;
				ENABLE_STRICT_OBJC_MSGSEND = YES;
				ENABLE_TESTABILITY = YES;
				GCC_C_LANGUAGE_STANDARD = gnu11;
				GCC_DYNAMIC_NO_PIC = NO;
				GCC_NO_COMMON_BLOCKS = YES;
				GCC_OPTIMIZATION_LEVEL = 0;
				GCC_PREPROCESSOR_DEFINITIONS = (
					"DEBUG=1",
					"$(inherited)",
				);
				GCC_WARN_64_TO_32_BIT_CONVERSION = YES;
				GCC_WARN_ABOUT_RETURN_TYPE = YES_ERROR;
				GCC_WARN_UNDECLARED_SELECTOR = YES;
				GCC_WARN_UNINITIALIZED_AUTOS = YES_AGGRESSIVE;
				GCC_WARN_UNUSED_FUNCTION = YES;
				GCC_WARN_UNUSED_VARIABLE = YES;
				IPHONEOS_DEPLOYMENT_TARGET = 14.4;
				MTL_ENABLE_DEBUG_INFO = INCLUDE_SOURCE;
				MTL_FAST_MATH = YES;
				ONLY_ACTIVE_ARCH = YES;
				SDKROOT = iphoneos;
				SWIFT_ACTIVE_COMPILATION_CONDITIONS = DEBUG;
				SWIFT_OPTIMIZATION_LEVEL = "-Onone";
			};
			name = Debug;
		};
		08DADE6325CA93700057228D /* Release */ = {
			isa = XCBuildConfiguration;
			buildSettings = {
				ALWAYS_SEARCH_USER_PATHS = NO;
				CLANG_ANALYZER_NONNULL = YES;
				CLANG_ANALYZER_NUMBER_OBJECT_CONVERSION = YES_AGGRESSIVE;
				CLANG_CXX_LANGUAGE_STANDARD = "gnu++14";
				CLANG_CXX_LIBRARY = "libc++";
				CLANG_ENABLE_MODULES = YES;
				CLANG_ENABLE_OBJC_ARC = YES;
				CLANG_ENABLE_OBJC_WEAK = YES;
				CLANG_WARN_BLOCK_CAPTURE_AUTORELEASING = YES;
				CLANG_WARN_BOOL_CONVERSION = YES;
				CLANG_WARN_COMMA = YES;
				CLANG_WARN_CONSTANT_CONVERSION = YES;
				CLANG_WARN_DEPRECATED_OBJC_IMPLEMENTATIONS = YES;
				CLANG_WARN_DIRECT_OBJC_ISA_USAGE = YES_ERROR;
				CLANG_WARN_DOCUMENTATION_COMMENTS = YES;
				CLANG_WARN_EMPTY_BODY = YES;
				CLANG_WARN_ENUM_CONVERSION = YES;
				CLANG_WARN_INFINITE_RECURSION = YES;
				CLANG_WARN_INT_CONVERSION = YES;
				CLANG_WARN_NON_LITERAL_NULL_CONVERSION = YES;
				CLANG_WARN_OBJC_IMPLICIT_RETAIN_SELF = YES;
				CLANG_WARN_OBJC_LITERAL_CONVERSION = YES;
				CLANG_WARN_OBJC_ROOT_CLASS = YES_ERROR;
				CLANG_WARN_QUOTED_INCLUDE_IN_FRAMEWORK_HEADER = YES;
				CLANG_WARN_RANGE_LOOP_ANALYSIS = YES;
				CLANG_WARN_STRICT_PROTOTYPES = YES;
				CLANG_WARN_SUSPICIOUS_MOVE = YES;
				CLANG_WARN_UNGUARDED_AVAILABILITY = YES_AGGRESSIVE;
				CLANG_WARN_UNREACHABLE_CODE = YES;
				CLANG_WARN__DUPLICATE_METHOD_MATCH = YES;
				COPY_PHASE_STRIP = NO;
				DEBUG_INFORMATION_FORMAT = "dwarf-with-dsym";
				ENABLE_NS_ASSERTIONS = NO;
				ENABLE_STRICT_OBJC_MSGSEND = YES;
				GCC_C_LANGUAGE_STANDARD = gnu11;
				GCC_NO_COMMON_BLOCKS = YES;
				GCC_WARN_64_TO_32_BIT_CONVERSION = YES;
				GCC_WARN_ABOUT_RETURN_TYPE = YES_ERROR;
				GCC_WARN_UNDECLARED_SELECTOR = YES;
				GCC_WARN_UNINITIALIZED_AUTOS = YES_AGGRESSIVE;
				GCC_WARN_UNUSED_FUNCTION = YES;
				GCC_WARN_UNUSED_VARIABLE = YES;
				IPHONEOS_DEPLOYMENT_TARGET = 14.4;
				MTL_ENABLE_DEBUG_INFO = NO;
				MTL_FAST_MATH = YES;
				SDKROOT = iphoneos;
				SWIFT_COMPILATION_MODE = wholemodule;
				SWIFT_OPTIMIZATION_LEVEL = "-O";
				VALIDATE_PRODUCT = YES;
			};
			name = Release;
		};
		08DADE6525CA93700057228D /* Debug */ = {
			isa = XCBuildConfiguration;
			baseConfigurationReference = 00BB873C284F28173D8BF6C4 /* Pods-KakaoLoginTest.debug.xcconfig */;
			buildSettings = {
				ASSETCATALOG_COMPILER_APPICON_NAME = AppIcon;
				ASSETCATALOG_COMPILER_GLOBAL_ACCENT_COLOR_NAME = AccentColor;
				CODE_SIGN_STYLE = Automatic;
				DEVELOPMENT_TEAM = U59PP2KXJ5;
				INFOPLIST_FILE = KakaoLoginTest/Info.plist;
				LD_RUNPATH_SEARCH_PATHS = (
					"$(inherited)",
					"@executable_path/Frameworks",
				);
				PRODUCT_BUNDLE_IDENTIFIER = com.thoonk.KakaoLoginTest;
				PRODUCT_NAME = "$(TARGET_NAME)";
				SWIFT_VERSION = 5.0;
				TARGETED_DEVICE_FAMILY = "1,2";
			};
			name = Debug;
		};
		08DADE6625CA93700057228D /* Release */ = {
			isa = XCBuildConfiguration;
			baseConfigurationReference = A842705375E8360F5E72C88E /* Pods-KakaoLoginTest.release.xcconfig */;
			buildSettings = {
				ASSETCATALOG_COMPILER_APPICON_NAME = AppIcon;
				ASSETCATALOG_COMPILER_GLOBAL_ACCENT_COLOR_NAME = AccentColor;
				CODE_SIGN_STYLE = Automatic;
				DEVELOPMENT_TEAM = U59PP2KXJ5;
				INFOPLIST_FILE = KakaoLoginTest/Info.plist;
				LD_RUNPATH_SEARCH_PATHS = (
					"$(inherited)",
					"@executable_path/Frameworks",
				);
				PRODUCT_BUNDLE_IDENTIFIER = com.thoonk.KakaoLoginTest;
				PRODUCT_NAME = "$(TARGET_NAME)";
				SWIFT_VERSION = 5.0;
				TARGETED_DEVICE_FAMILY = "1,2";
			};
			name = Release;
		};
/* End XCBuildConfiguration section */

/* Begin XCConfigurationList section */
		08DADE4B25CA936F0057228D /* Build configuration list for PBXProject "KakaoLoginTest" */ = {
			isa = XCConfigurationList;
			buildConfigurations = (
				08DADE6225CA93700057228D /* Debug */,
				08DADE6325CA93700057228D /* Release */,
			);
			defaultConfigurationIsVisible = 0;
			defaultConfigurationName = Release;
		};
		08DADE6425CA93700057228D /* Build configuration list for PBXNativeTarget "KakaoLoginTest" */ = {
			isa = XCConfigurationList;
			buildConfigurations = (
				08DADE6525CA93700057228D /* Debug */,
				08DADE6625CA93700057228D /* Release */,
			);
			defaultConfigurationIsVisible = 0;
			defaultConfigurationName = Release;
		};
/* End XCConfigurationList section */
	};
	rootObject = 08DADE4825CA936F0057228D /* Project object */;
}
